// !$*UTF8*$!
{
	archiveVersion = 1;
	classes = {
	};
	objectVersion = 56;
	objects = {

/* Begin PBXBuildFile section */
		B0A4320F2B85978A00D19076 /* AppDelegate.swift in Sources */ = {isa = PBXBuildFile; fileRef = B0A4320E2B85978A00D19076 /* AppDelegate.swift */; };
		B0A432112B85978A00D19076 /* SceneDelegate.swift in Sources */ = {isa = PBXBuildFile; fileRef = B0A432102B85978A00D19076 /* SceneDelegate.swift */; };
		B0A432132B85978A00D19076 /* LoginViewController.swift in Sources */ = {isa = PBXBuildFile; fileRef = B0A432122B85978A00D19076 /* LoginViewController.swift */; };
		B0A432162B85978A00D19076 /* Main.storyboard in Resources */ = {isa = PBXBuildFile; fileRef = B0A432142B85978A00D19076 /* Main.storyboard */; };
		B0A432182B85978C00D19076 /* Assets.xcassets in Resources */ = {isa = PBXBuildFile; fileRef = B0A432172B85978C00D19076 /* Assets.xcassets */; };
		B0A4321B2B85978C00D19076 /* LaunchScreen.storyboard in Resources */ = {isa = PBXBuildFile; fileRef = B0A432192B85978C00D19076 /* LaunchScreen.storyboard */; };
		B0A432262B85978D00D19076 /* KTVTests.swift in Sources */ = {isa = PBXBuildFile; fileRef = B0A432252B85978D00D19076 /* KTVTests.swift */; };
		B0A432302B85978D00D19076 /* KTVUITests.swift in Sources */ = {isa = PBXBuildFile; fileRef = B0A4322F2B85978D00D19076 /* KTVUITests.swift */; };
		B0A432322B85978D00D19076 /* KTVUITestsLaunchTests.swift in Sources */ = {isa = PBXBuildFile; fileRef = B0A432312B85978D00D19076 /* KTVUITestsLaunchTests.swift */; };
		B0A4323F2B85A37D00D19076 /* Color.xcassets in Resources */ = {isa = PBXBuildFile; fileRef = B0A4323E2B85A37D00D19076 /* Color.xcassets */; };
		B0A432432B85A7AD00D19076 /* TabBarController.swift in Sources */ = {isa = PBXBuildFile; fileRef = B0A432422B85A7AC00D19076 /* TabBarController.swift */; };
		B0A432472B85A7CA00D19076 /* HomeViewController.swift in Sources */ = {isa = PBXBuildFile; fileRef = B0A432442B85A7C900D19076 /* HomeViewController.swift */; };
		B0A432482B85A7CA00D19076 /* HomeViewModel.swift in Sources */ = {isa = PBXBuildFile; fileRef = B0A432452B85A7C900D19076 /* HomeViewModel.swift */; };
		B0A432492B85A7CA00D19076 /* HomeSection.swift in Sources */ = {isa = PBXBuildFile; fileRef = B0A432462B85A7C900D19076 /* HomeSection.swift */; };
		B0A432592B85A7DF00D19076 /* HomeRecommendContainerCell.swift in Sources */ = {isa = PBXBuildFile; fileRef = B0A4324F2B85A7DE00D19076 /* HomeRecommendContainerCell.swift */; };
		B0A4325A2B85A7DF00D19076 /* HomeRecommendItemCell.swift in Sources */ = {isa = PBXBuildFile; fileRef = B0A432502B85A7DE00D19076 /* HomeRecommendItemCell.swift */; };
		B0A432662B85CDCC00D19076 /* HomeRankingItemCell.swift in Sources */ = {isa = PBXBuildFile; fileRef = B0A432642B85CDCC00D19076 /* HomeRankingItemCell.swift */; };
		B0A4326C2B85D01F00D19076 /* HomeRecentWatchContainerCell.swift in Sources */ = {isa = PBXBuildFile; fileRef = B0A432682B85D01F00D19076 /* HomeRecentWatchContainerCell.swift */; };
		B0A4326E2B85D01F00D19076 /* HomeRecentWatchItemCell.swift in Sources */ = {isa = PBXBuildFile; fileRef = B0A4326A2B85D01F00D19076 /* HomeRecentWatchItemCell.swift */; };
		B0A432722B85D36B00D19076 /* URLDefines.swift in Sources */ = {isa = PBXBuildFile; fileRef = B0A432712B85D36B00D19076 /* URLDefines.swift */; };
		B0A432782B85D37700D19076 /* video.json in Resources */ = {isa = PBXBuildFile; fileRef = B0A432732B85D37700D19076 /* video.json */; };
		B0A432792B85D37700D19076 /* favorite.json in Resources */ = {isa = PBXBuildFile; fileRef = B0A432742B85D37700D19076 /* favorite.json */; };
		B0A4327A2B85D37700D19076 /* bookmark.json in Resources */ = {isa = PBXBuildFile; fileRef = B0A432752B85D37700D19076 /* bookmark.json */; };
		B0A4327B2B85D37700D19076 /* home.json in Resources */ = {isa = PBXBuildFile; fileRef = B0A432762B85D37700D19076 /* home.json */; };
		B0A4327C2B85D37700D19076 /* live.json in Resources */ = {isa = PBXBuildFile; fileRef = B0A432772B85D37700D19076 /* live.json */; };
		B0A4327F2B85D49300D19076 /* Home.swift in Sources */ = {isa = PBXBuildFile; fileRef = B0A4327E2B85D49300D19076 /* Home.swift */; };
		B0A432832B85E12700D19076 /* DataLoader.swift in Sources */ = {isa = PBXBuildFile; fileRef = B0A432812B85E12700D19076 /* DataLoader.swift */; };
		B0A432842B85E12700D19076 /* UIImageView+Task.swift in Sources */ = {isa = PBXBuildFile; fileRef = B0A432822B85E12700D19076 /* UIImageView+Task.swift */; };
		B0A4328C2B86D45C00D19076 /* HomeRecommendViewModel.swift in Sources */ = {isa = PBXBuildFile; fileRef = B0A4328B2B86D45C00D19076 /* HomeRecommendViewModel.swift */; };
		B0A4328F2B86D53E00D19076 /* HomeVideoCell.swift in Sources */ = {isa = PBXBuildFile; fileRef = B0A4328D2B86D53E00D19076 /* HomeVideoCell.swift */; };
		B0A432902B86D53E00D19076 /* HomeVideoCell.xib in Resources */ = {isa = PBXBuildFile; fileRef = B0A4328E2B86D53E00D19076 /* HomeVideoCell.xib */; };
		B0A432932B86D55E00D19076 /* HomeFooterView.swift in Sources */ = {isa = PBXBuildFile; fileRef = B0A432912B86D55E00D19076 /* HomeFooterView.swift */; };
		B0A432972B86D57600D19076 /* HomeHeaderView.swift in Sources */ = {isa = PBXBuildFile; fileRef = B0A432952B86D57600D19076 /* HomeHeaderView.swift */; };
		B0A432982B86D57600D19076 /* HomeHeaderView.xib in Resources */ = {isa = PBXBuildFile; fileRef = B0A432962B86D57600D19076 /* HomeHeaderView.xib */; };
		B0A4329B2B86D5B300D19076 /* HomeRankingHeaderView.swift in Sources */ = {isa = PBXBuildFile; fileRef = B0A432992B86D5B300D19076 /* HomeRankingHeaderView.swift */; };
		B0A4329C2B86D5B300D19076 /* HomeRankingHeaderView.xib in Resources */ = {isa = PBXBuildFile; fileRef = B0A4329A2B86D5B300D19076 /* HomeRankingHeaderView.xib */; };
		B0A432A42B86D93C00D19076 /* HomeRankingItemCell.xib in Resources */ = {isa = PBXBuildFile; fileRef = B0A432A32B86D93C00D19076 /* HomeRankingItemCell.xib */; };
		B0A432A62B86D95300D19076 /* HomeRecommendContainerCell.xib in Resources */ = {isa = PBXBuildFile; fileRef = B0A432A52B86D95300D19076 /* HomeRecommendContainerCell.xib */; };
		B0A432A82B86D95D00D19076 /* HomeRecommendItemCell.xib in Resources */ = {isa = PBXBuildFile; fileRef = B0A432A72B86D95D00D19076 /* HomeRecommendItemCell.xib */; };
		B0A432AA2B86D97400D19076 /* HomeRecentWatchContainerCell.xib in Resources */ = {isa = PBXBuildFile; fileRef = B0A432A92B86D97400D19076 /* HomeRecentWatchContainerCell.xib */; };
		B0A432AC2B86D98500D19076 /* HomeRecentWatchItemCell.xib in Resources */ = {isa = PBXBuildFile; fileRef = B0A432AB2B86D98500D19076 /* HomeRecentWatchItemCell.xib */; };
		B0A432B22B86DA0D00D19076 /* HomeFooterView.xib in Resources */ = {isa = PBXBuildFile; fileRef = B0A432B12B86DA0D00D19076 /* HomeFooterView.xib */; };
		DA31976F2C3B7BE80084CAA7 /* HomeRankingContainerCell.swift in Sources */ = {isa = PBXBuildFile; fileRef = DA31976D2C3B7BE80084CAA7 /* HomeRankingContainerCell.swift */; };
		DA3197702C3B7BE80084CAA7 /* HomeRankingContainerCell.xib in Resources */ = {isa = PBXBuildFile; fileRef = DA31976E2C3B7BE80084CAA7 /* HomeRankingContainerCell.xib */; };
/* End PBXBuildFile section */

/* Begin PBXContainerItemProxy section */
		B0A432222B85978D00D19076 /* PBXContainerItemProxy */ = {
			isa = PBXContainerItemProxy;
			containerPortal = B0A432032B85978A00D19076 /* Project object */;
			proxyType = 1;
			remoteGlobalIDString = B0A4320A2B85978A00D19076;
			remoteInfo = KTV;
		};
		B0A4322C2B85978D00D19076 /* PBXContainerItemProxy */ = {
			isa = PBXContainerItemProxy;
			containerPortal = B0A432032B85978A00D19076 /* Project object */;
			proxyType = 1;
			remoteGlobalIDString = B0A4320A2B85978A00D19076;
			remoteInfo = KTV;
		};
/* End PBXContainerItemProxy section */

/* Begin PBXFileReference section */
		B0A4320B2B85978A00D19076 /* KTV.app */ = {isa = PBXFileReference; explicitFileType = wrapper.application; includeInIndex = 0; path = KTV.app; sourceTree = BUILT_PRODUCTS_DIR; };
		B0A4320E2B85978A00D19076 /* AppDelegate.swift */ = {isa = PBXFileReference; lastKnownFileType = sourcecode.swift; path = AppDelegate.swift; sourceTree = "<group>"; };
		B0A432102B85978A00D19076 /* SceneDelegate.swift */ = {isa = PBXFileReference; lastKnownFileType = sourcecode.swift; path = SceneDelegate.swift; sourceTree = "<group>"; };
		B0A432122B85978A00D19076 /* LoginViewController.swift */ = {isa = PBXFileReference; lastKnownFileType = sourcecode.swift; path = LoginViewController.swift; sourceTree = "<group>"; };
		B0A432152B85978A00D19076 /* Base */ = {isa = PBXFileReference; lastKnownFileType = file.storyboard; name = Base; path = Base.lproj/Main.storyboard; sourceTree = "<group>"; };
		B0A432172B85978C00D19076 /* Assets.xcassets */ = {isa = PBXFileReference; lastKnownFileType = folder.assetcatalog; path = Assets.xcassets; sourceTree = "<group>"; };
		B0A4321A2B85978C00D19076 /* Base */ = {isa = PBXFileReference; lastKnownFileType = file.storyboard; name = Base; path = Base.lproj/LaunchScreen.storyboard; sourceTree = "<group>"; };
		B0A4321C2B85978C00D19076 /* Info.plist */ = {isa = PBXFileReference; lastKnownFileType = text.plist.xml; path = Info.plist; sourceTree = "<group>"; };
		B0A432212B85978D00D19076 /* KTVTests.xctest */ = {isa = PBXFileReference; explicitFileType = wrapper.cfbundle; includeInIndex = 0; path = KTVTests.xctest; sourceTree = BUILT_PRODUCTS_DIR; };
		B0A432252B85978D00D19076 /* KTVTests.swift */ = {isa = PBXFileReference; lastKnownFileType = sourcecode.swift; path = KTVTests.swift; sourceTree = "<group>"; };
		B0A4322B2B85978D00D19076 /* KTVUITests.xctest */ = {isa = PBXFileReference; explicitFileType = wrapper.cfbundle; includeInIndex = 0; path = KTVUITests.xctest; sourceTree = BUILT_PRODUCTS_DIR; };
		B0A4322F2B85978D00D19076 /* KTVUITests.swift */ = {isa = PBXFileReference; lastKnownFileType = sourcecode.swift; path = KTVUITests.swift; sourceTree = "<group>"; };
		B0A432312B85978D00D19076 /* KTVUITestsLaunchTests.swift */ = {isa = PBXFileReference; lastKnownFileType = sourcecode.swift; path = KTVUITestsLaunchTests.swift; sourceTree = "<group>"; };
		B0A4323E2B85A37D00D19076 /* Color.xcassets */ = {isa = PBXFileReference; lastKnownFileType = folder.assetcatalog; path = Color.xcassets; sourceTree = "<group>"; };
		B0A432422B85A7AC00D19076 /* TabBarController.swift */ = {isa = PBXFileReference; fileEncoding = 4; lastKnownFileType = sourcecode.swift; path = TabBarController.swift; sourceTree = "<group>"; };
		B0A432442B85A7C900D19076 /* HomeViewController.swift */ = {isa = PBXFileReference; fileEncoding = 4; lastKnownFileType = sourcecode.swift; path = HomeViewController.swift; sourceTree = "<group>"; };
		B0A432452B85A7C900D19076 /* HomeViewModel.swift */ = {isa = PBXFileReference; fileEncoding = 4; lastKnownFileType = sourcecode.swift; path = HomeViewModel.swift; sourceTree = "<group>"; };
		B0A432462B85A7C900D19076 /* HomeSection.swift */ = {isa = PBXFileReference; fileEncoding = 4; lastKnownFileType = sourcecode.swift; path = HomeSection.swift; sourceTree = "<group>"; };
		B0A4324F2B85A7DE00D19076 /* HomeRecommendContainerCell.swift */ = {isa = PBXFileReference; fileEncoding = 4; lastKnownFileType = sourcecode.swift; path = HomeRecommendContainerCell.swift; sourceTree = "<group>"; };
		B0A432502B85A7DE00D19076 /* HomeRecommendItemCell.swift */ = {isa = PBXFileReference; fileEncoding = 4; lastKnownFileType = sourcecode.swift; path = HomeRecommendItemCell.swift; sourceTree = "<group>"; };
		B0A432642B85CDCC00D19076 /* HomeRankingItemCell.swift */ = {isa = PBXFileReference; fileEncoding = 4; lastKnownFileType = sourcecode.swift; path = HomeRankingItemCell.swift; sourceTree = "<group>"; };
		B0A432682B85D01F00D19076 /* HomeRecentWatchContainerCell.swift */ = {isa = PBXFileReference; fileEncoding = 4; lastKnownFileType = sourcecode.swift; path = HomeRecentWatchContainerCell.swift; sourceTree = "<group>"; };
		B0A4326A2B85D01F00D19076 /* HomeRecentWatchItemCell.swift */ = {isa = PBXFileReference; fileEncoding = 4; lastKnownFileType = sourcecode.swift; path = HomeRecentWatchItemCell.swift; sourceTree = "<group>"; };
		B0A432712B85D36B00D19076 /* URLDefines.swift */ = {isa = PBXFileReference; fileEncoding = 4; lastKnownFileType = sourcecode.swift; path = URLDefines.swift; sourceTree = "<group>"; };
		B0A432732B85D37700D19076 /* video.json */ = {isa = PBXFileReference; fileEncoding = 4; lastKnownFileType = text.json; path = video.json; sourceTree = "<group>"; };
		B0A432742B85D37700D19076 /* favorite.json */ = {isa = PBXFileReference; fileEncoding = 4; lastKnownFileType = text.json; path = favorite.json; sourceTree = "<group>"; };
		B0A432752B85D37700D19076 /* bookmark.json */ = {isa = PBXFileReference; fileEncoding = 4; lastKnownFileType = text.json; path = bookmark.json; sourceTree = "<group>"; };
		B0A432762B85D37700D19076 /* home.json */ = {isa = PBXFileReference; fileEncoding = 4; lastKnownFileType = text.json; path = home.json; sourceTree = "<group>"; };
		B0A432772B85D37700D19076 /* live.json */ = {isa = PBXFileReference; fileEncoding = 4; lastKnownFileType = text.json; path = live.json; sourceTree = "<group>"; };
		B0A4327E2B85D49300D19076 /* Home.swift */ = {isa = PBXFileReference; lastKnownFileType = sourcecode.swift; path = Home.swift; sourceTree = "<group>"; };
		B0A432812B85E12700D19076 /* DataLoader.swift */ = {isa = PBXFileReference; fileEncoding = 4; lastKnownFileType = sourcecode.swift; path = DataLoader.swift; sourceTree = "<group>"; };
		B0A432822B85E12700D19076 /* UIImageView+Task.swift */ = {isa = PBXFileReference; fileEncoding = 4; lastKnownFileType = sourcecode.swift; path = "UIImageView+Task.swift"; sourceTree = "<group>"; };
		B0A4328B2B86D45C00D19076 /* HomeRecommendViewModel.swift */ = {isa = PBXFileReference; lastKnownFileType = sourcecode.swift; path = HomeRecommendViewModel.swift; sourceTree = "<group>"; };
		B0A4328D2B86D53E00D19076 /* HomeVideoCell.swift */ = {isa = PBXFileReference; lastKnownFileType = sourcecode.swift; path = HomeVideoCell.swift; sourceTree = "<group>"; };
		B0A4328E2B86D53E00D19076 /* HomeVideoCell.xib */ = {isa = PBXFileReference; lastKnownFileType = file.xib; path = HomeVideoCell.xib; sourceTree = "<group>"; };
		B0A432912B86D55E00D19076 /* HomeFooterView.swift */ = {isa = PBXFileReference; lastKnownFileType = sourcecode.swift; path = HomeFooterView.swift; sourceTree = "<group>"; };
		B0A432952B86D57600D19076 /* HomeHeaderView.swift */ = {isa = PBXFileReference; lastKnownFileType = sourcecode.swift; path = HomeHeaderView.swift; sourceTree = "<group>"; };
		B0A432962B86D57600D19076 /* HomeHeaderView.xib */ = {isa = PBXFileReference; lastKnownFileType = file.xib; path = HomeHeaderView.xib; sourceTree = "<group>"; };
		B0A432992B86D5B300D19076 /* HomeRankingHeaderView.swift */ = {isa = PBXFileReference; lastKnownFileType = sourcecode.swift; path = HomeRankingHeaderView.swift; sourceTree = "<group>"; };
		B0A4329A2B86D5B300D19076 /* HomeRankingHeaderView.xib */ = {isa = PBXFileReference; lastKnownFileType = file.xib; path = HomeRankingHeaderView.xib; sourceTree = "<group>"; };
		B0A432A32B86D93C00D19076 /* HomeRankingItemCell.xib */ = {isa = PBXFileReference; fileEncoding = 4; lastKnownFileType = file.xib; path = HomeRankingItemCell.xib; sourceTree = "<group>"; };
		B0A432A52B86D95300D19076 /* HomeRecommendContainerCell.xib */ = {isa = PBXFileReference; fileEncoding = 4; lastKnownFileType = file.xib; path = HomeRecommendContainerCell.xib; sourceTree = "<group>"; };
		B0A432A72B86D95D00D19076 /* HomeRecommendItemCell.xib */ = {isa = PBXFileReference; fileEncoding = 4; lastKnownFileType = file.xib; path = HomeRecommendItemCell.xib; sourceTree = "<group>"; };
		B0A432A92B86D97400D19076 /* HomeRecentWatchContainerCell.xib */ = {isa = PBXFileReference; fileEncoding = 4; lastKnownFileType = file.xib; path = HomeRecentWatchContainerCell.xib; sourceTree = "<group>"; };
		B0A432AB2B86D98500D19076 /* HomeRecentWatchItemCell.xib */ = {isa = PBXFileReference; fileEncoding = 4; lastKnownFileType = file.xib; path = HomeRecentWatchItemCell.xib; sourceTree = "<group>"; };
		B0A432B12B86DA0D00D19076 /* HomeFooterView.xib */ = {isa = PBXFileReference; fileEncoding = 4; lastKnownFileType = file.xib; path = HomeFooterView.xib; sourceTree = "<group>"; };
		DA31976D2C3B7BE80084CAA7 /* HomeRankingContainerCell.swift */ = {isa = PBXFileReference; fileEncoding = 4; lastKnownFileType = sourcecode.swift; path = HomeRankingContainerCell.swift; sourceTree = "<group>"; };
		DA31976E2C3B7BE80084CAA7 /* HomeRankingContainerCell.xib */ = {isa = PBXFileReference; fileEncoding = 4; lastKnownFileType = file.xib; path = HomeRankingContainerCell.xib; sourceTree = "<group>"; };
/* End PBXFileReference section */

/* Begin PBXFrameworksBuildPhase section */
		B0A432082B85978A00D19076 /* Frameworks */ = {
			isa = PBXFrameworksBuildPhase;
			buildActionMask = 2147483647;
			files = (
			);
			runOnlyForDeploymentPostprocessing = 0;
		};
		B0A4321E2B85978D00D19076 /* Frameworks */ = {
			isa = PBXFrameworksBuildPhase;
			buildActionMask = 2147483647;
			files = (
			);
			runOnlyForDeploymentPostprocessing = 0;
		};
		B0A432282B85978D00D19076 /* Frameworks */ = {
			isa = PBXFrameworksBuildPhase;
			buildActionMask = 2147483647;
			files = (
			);
			runOnlyForDeploymentPostprocessing = 0;
		};
/* End PBXFrameworksBuildPhase section */

/* Begin PBXGroup section */
		B0A432022B85978A00D19076 = {
			isa = PBXGroup;
			children = (
				B0A4320D2B85978A00D19076 /* KTV */,
				B0A432242B85978D00D19076 /* KTVTests */,
				B0A4322E2B85978D00D19076 /* KTVUITests */,
				B0A4320C2B85978A00D19076 /* Products */,
			);
			sourceTree = "<group>";
		};
		B0A4320C2B85978A00D19076 /* Products */ = {
			isa = PBXGroup;
			children = (
				B0A4320B2B85978A00D19076 /* KTV.app */,
				B0A432212B85978D00D19076 /* KTVTests.xctest */,
				B0A4322B2B85978D00D19076 /* KTVUITests.xctest */,
			);
			name = Products;
			sourceTree = "<group>";
		};
		B0A4320D2B85978A00D19076 /* KTV */ = {
			isa = PBXGroup;
			children = (
				B0A432422B85A7AC00D19076 /* TabBarController.swift */,
				B0A432802B85E11000D19076 /* Util */,
				B0A4327D2B85D48000D19076 /* Model */,
				B0A4326F2B85D34100D19076 /* URLDefines */,
				B0A432702B85D34C00D19076 /* JSON */,
				B0A432412B85A76D00D19076 /* Home */,
				B0A432402B85A6D700D19076 /* Login */,
				B0A4320E2B85978A00D19076 /* AppDelegate.swift */,
				B0A432102B85978A00D19076 /* SceneDelegate.swift */,
				B0A432142B85978A00D19076 /* Main.storyboard */,
				B0A432172B85978C00D19076 /* Assets.xcassets */,
				B0A4323E2B85A37D00D19076 /* Color.xcassets */,
				B0A432192B85978C00D19076 /* LaunchScreen.storyboard */,
				B0A4321C2B85978C00D19076 /* Info.plist */,
			);
			path = KTV;
			sourceTree = "<group>";
		};
		B0A432242B85978D00D19076 /* KTVTests */ = {
			isa = PBXGroup;
			children = (
				B0A432252B85978D00D19076 /* KTVTests.swift */,
			);
			path = KTVTests;
			sourceTree = "<group>";
		};
		B0A4322E2B85978D00D19076 /* KTVUITests */ = {
			isa = PBXGroup;
			children = (
				B0A4322F2B85978D00D19076 /* KTVUITests.swift */,
				B0A432312B85978D00D19076 /* KTVUITestsLaunchTests.swift */,
			);
			path = KTVUITests;
			sourceTree = "<group>";
		};
		B0A432402B85A6D700D19076 /* Login */ = {
			isa = PBXGroup;
			children = (
				B0A432122B85978A00D19076 /* LoginViewController.swift */,
			);
			path = Login;
			sourceTree = "<group>";
		};
		B0A432412B85A76D00D19076 /* Home */ = {
			isa = PBXGroup;
			children = (
				B0A4324A2B85A7D100D19076 /* Cell */,
				B0A432462B85A7C900D19076 /* HomeSection.swift */,
				B0A432442B85A7C900D19076 /* HomeViewController.swift */,
				B0A432452B85A7C900D19076 /* HomeViewModel.swift */,
				B0A4328B2B86D45C00D19076 /* HomeRecommendViewModel.swift */,
			);
			path = Home;
			sourceTree = "<group>";
		};
		B0A4324A2B85A7D100D19076 /* Cell */ = {
			isa = PBXGroup;
			children = (
				B0A432642B85CDCC00D19076 /* HomeRankingItemCell.swift */,
				B0A432A32B86D93C00D19076 /* HomeRankingItemCell.xib */,
				B0A4324F2B85A7DE00D19076 /* HomeRecommendContainerCell.swift */,
				B0A432A52B86D95300D19076 /* HomeRecommendContainerCell.xib */,
				B0A432502B85A7DE00D19076 /* HomeRecommendItemCell.swift */,
				B0A432A72B86D95D00D19076 /* HomeRecommendItemCell.xib */,
				B0A432682B85D01F00D19076 /* HomeRecentWatchContainerCell.swift */,
				B0A432A92B86D97400D19076 /* HomeRecentWatchContainerCell.xib */,
				B0A4326A2B85D01F00D19076 /* HomeRecentWatchItemCell.swift */,
				B0A432AB2B86D98500D19076 /* HomeRecentWatchItemCell.xib */,
				B0A4328D2B86D53E00D19076 /* HomeVideoCell.swift */,
				B0A4328E2B86D53E00D19076 /* HomeVideoCell.xib */,
				B0A432912B86D55E00D19076 /* HomeFooterView.swift */,
				B0A432B12B86DA0D00D19076 /* HomeFooterView.xib */,
				B0A432952B86D57600D19076 /* HomeHeaderView.swift */,
				B0A432962B86D57600D19076 /* HomeHeaderView.xib */,
				B0A432992B86D5B300D19076 /* HomeRankingHeaderView.swift */,
				B0A4329A2B86D5B300D19076 /* HomeRankingHeaderView.xib */,
				DA31976D2C3B7BE80084CAA7 /* HomeRankingContainerCell.swift */,
				DA31976E2C3B7BE80084CAA7 /* HomeRankingContainerCell.xib */,
			);
			path = Cell;
			sourceTree = "<group>";
		};
		B0A4326F2B85D34100D19076 /* URLDefines */ = {
			isa = PBXGroup;
			children = (
				B0A432712B85D36B00D19076 /* URLDefines.swift */,
			);
			path = URLDefines;
			sourceTree = "<group>";
		};
		B0A432702B85D34C00D19076 /* JSON */ = {
			isa = PBXGroup;
			children = (
				B0A432752B85D37700D19076 /* bookmark.json */,
				B0A432742B85D37700D19076 /* favorite.json */,
				B0A432762B85D37700D19076 /* home.json */,
				B0A432772B85D37700D19076 /* live.json */,
				B0A432732B85D37700D19076 /* video.json */,
			);
			path = JSON;
			sourceTree = "<group>";
		};
		B0A4327D2B85D48000D19076 /* Model */ = {
			isa = PBXGroup;
			children = (
				B0A4327E2B85D49300D19076 /* Home.swift */,
			);
			path = Model;
			sourceTree = "<group>";
		};
		B0A432802B85E11000D19076 /* Util */ = {
			isa = PBXGroup;
			children = (
				B0A432812B85E12700D19076 /* DataLoader.swift */,
				B0A432822B85E12700D19076 /* UIImageView+Task.swift */,
			);
			path = Util;
			sourceTree = "<group>";
		};
/* End PBXGroup section */

/* Begin PBXNativeTarget section */
		B0A4320A2B85978A00D19076 /* KTV */ = {
			isa = PBXNativeTarget;
			buildConfigurationList = B0A432352B85978D00D19076 /* Build configuration list for PBXNativeTarget "KTV" */;
			buildPhases = (
				B0A432072B85978A00D19076 /* Sources */,
				B0A432082B85978A00D19076 /* Frameworks */,
				B0A432092B85978A00D19076 /* Resources */,
			);
			buildRules = (
			);
			dependencies = (
			);
			name = KTV;
			productName = KTV;
			productReference = B0A4320B2B85978A00D19076 /* KTV.app */;
			productType = "com.apple.product-type.application";
		};
		B0A432202B85978D00D19076 /* KTVTests */ = {
			isa = PBXNativeTarget;
			buildConfigurationList = B0A432382B85978D00D19076 /* Build configuration list for PBXNativeTarget "KTVTests" */;
			buildPhases = (
				B0A4321D2B85978D00D19076 /* Sources */,
				B0A4321E2B85978D00D19076 /* Frameworks */,
				B0A4321F2B85978D00D19076 /* Resources */,
			);
			buildRules = (
			);
			dependencies = (
				B0A432232B85978D00D19076 /* PBXTargetDependency */,
			);
			name = KTVTests;
			productName = KTVTests;
			productReference = B0A432212B85978D00D19076 /* KTVTests.xctest */;
			productType = "com.apple.product-type.bundle.unit-test";
		};
		B0A4322A2B85978D00D19076 /* KTVUITests */ = {
			isa = PBXNativeTarget;
			buildConfigurationList = B0A4323B2B85978D00D19076 /* Build configuration list for PBXNativeTarget "KTVUITests" */;
			buildPhases = (
				B0A432272B85978D00D19076 /* Sources */,
				B0A432282B85978D00D19076 /* Frameworks */,
				B0A432292B85978D00D19076 /* Resources */,
			);
			buildRules = (
			);
			dependencies = (
				B0A4322D2B85978D00D19076 /* PBXTargetDependency */,
			);
			name = KTVUITests;
			productName = KTVUITests;
			productReference = B0A4322B2B85978D00D19076 /* KTVUITests.xctest */;
			productType = "com.apple.product-type.bundle.ui-testing";
		};
/* End PBXNativeTarget section */

/* Begin PBXProject section */
		B0A432032B85978A00D19076 /* Project object */ = {
			isa = PBXProject;
			attributes = {
				BuildIndependentTargetsInParallel = 1;
				LastSwiftUpdateCheck = 1420;
				LastUpgradeCheck = 1420;
				TargetAttributes = {
					B0A4320A2B85978A00D19076 = {
						CreatedOnToolsVersion = 14.2;
					};
					B0A432202B85978D00D19076 = {
						CreatedOnToolsVersion = 14.2;
						TestTargetID = B0A4320A2B85978A00D19076;
					};
					B0A4322A2B85978D00D19076 = {
						CreatedOnToolsVersion = 14.2;
						TestTargetID = B0A4320A2B85978A00D19076;
					};
				};
			};
			buildConfigurationList = B0A432062B85978A00D19076 /* Build configuration list for PBXProject "KTV" */;
			compatibilityVersion = "Xcode 14.0";
			developmentRegion = en;
			hasScannedForEncodings = 0;
			knownRegions = (
				en,
				Base,
			);
			mainGroup = B0A432022B85978A00D19076;
			productRefGroup = B0A4320C2B85978A00D19076 /* Products */;
			projectDirPath = "";
			projectRoot = "";
			targets = (
				B0A4320A2B85978A00D19076 /* KTV */,
				B0A432202B85978D00D19076 /* KTVTests */,
				B0A4322A2B85978D00D19076 /* KTVUITests */,
			);
		};
/* End PBXProject section */

/* Begin PBXResourcesBuildPhase section */
		B0A432092B85978A00D19076 /* Resources */ = {
			isa = PBXResourcesBuildPhase;
			buildActionMask = 2147483647;
			files = (
				B0A4321B2B85978C00D19076 /* LaunchScreen.storyboard in Resources */,
				B0A432A62B86D95300D19076 /* HomeRecommendContainerCell.xib in Resources */,
				B0A432AA2B86D97400D19076 /* HomeRecentWatchContainerCell.xib in Resources */,
				B0A4323F2B85A37D00D19076 /* Color.xcassets in Resources */,
				B0A432982B86D57600D19076 /* HomeHeaderView.xib in Resources */,
				B0A4329C2B86D5B300D19076 /* HomeRankingHeaderView.xib in Resources */,
				B0A432902B86D53E00D19076 /* HomeVideoCell.xib in Resources */,
				DA3197702C3B7BE80084CAA7 /* HomeRankingContainerCell.xib in Resources */,
				B0A432A42B86D93C00D19076 /* HomeRankingItemCell.xib in Resources */,
				B0A432182B85978C00D19076 /* Assets.xcassets in Resources */,
				B0A432162B85978A00D19076 /* Main.storyboard in Resources */,
				B0A432A82B86D95D00D19076 /* HomeRecommendItemCell.xib in Resources */,
				B0A4327B2B85D37700D19076 /* home.json in Resources */,
				B0A432B22B86DA0D00D19076 /* HomeFooterView.xib in Resources */,
				B0A4327C2B85D37700D19076 /* live.json in Resources */,
				B0A432AC2B86D98500D19076 /* HomeRecentWatchItemCell.xib in Resources */,
				B0A4327A2B85D37700D19076 /* bookmark.json in Resources */,
				B0A432792B85D37700D19076 /* favorite.json in Resources */,
				B0A432782B85D37700D19076 /* video.json in Resources */,
			);
			runOnlyForDeploymentPostprocessing = 0;
		};
		B0A4321F2B85978D00D19076 /* Resources */ = {
			isa = PBXResourcesBuildPhase;
			buildActionMask = 2147483647;
			files = (
			);
			runOnlyForDeploymentPostprocessing = 0;
		};
		B0A432292B85978D00D19076 /* Resources */ = {
			isa = PBXResourcesBuildPhase;
			buildActionMask = 2147483647;
			files = (
			);
			runOnlyForDeploymentPostprocessing = 0;
		};
/* End PBXResourcesBuildPhase section */

/* Begin PBXSourcesBuildPhase section */
		B0A432072B85978A00D19076 /* Sources */ = {
			isa = PBXSourcesBuildPhase;
			buildActionMask = 2147483647;
			files = (
				B0A432662B85CDCC00D19076 /* HomeRankingItemCell.swift in Sources */,
				B0A432932B86D55E00D19076 /* HomeFooterView.swift in Sources */,
				B0A432472B85A7CA00D19076 /* HomeViewController.swift in Sources */,
				DA31976F2C3B7BE80084CAA7 /* HomeRankingContainerCell.swift in Sources */,
				B0A432592B85A7DF00D19076 /* HomeRecommendContainerCell.swift in Sources */,
				B0A4328C2B86D45C00D19076 /* HomeRecommendViewModel.swift in Sources */,
				B0A4325A2B85A7DF00D19076 /* HomeRecommendItemCell.swift in Sources */,
				B0A4327F2B85D49300D19076 /* Home.swift in Sources */,
				B0A4326C2B85D01F00D19076 /* HomeRecentWatchContainerCell.swift in Sources */,
				B0A4328F2B86D53E00D19076 /* HomeVideoCell.swift in Sources */,
				B0A432832B85E12700D19076 /* DataLoader.swift in Sources */,
				B0A4326E2B85D01F00D19076 /* HomeRecentWatchItemCell.swift in Sources */,
				B0A432972B86D57600D19076 /* HomeHeaderView.swift in Sources */,
				B0A432482B85A7CA00D19076 /* HomeViewModel.swift in Sources */,
				B0A432132B85978A00D19076 /* LoginViewController.swift in Sources */,
				B0A432432B85A7AD00D19076 /* TabBarController.swift in Sources */,
				B0A432492B85A7CA00D19076 /* HomeSection.swift in Sources */,
				B0A432842B85E12700D19076 /* UIImageView+Task.swift in Sources */,
				B0A4320F2B85978A00D19076 /* AppDelegate.swift in Sources */,
				B0A432112B85978A00D19076 /* SceneDelegate.swift in Sources */,
				B0A432722B85D36B00D19076 /* URLDefines.swift in Sources */,
				B0A4329B2B86D5B300D19076 /* HomeRankingHeaderView.swift in Sources */,
			);
			runOnlyForDeploymentPostprocessing = 0;
		};
		B0A4321D2B85978D00D19076 /* Sources */ = {
			isa = PBXSourcesBuildPhase;
			buildActionMask = 2147483647;
			files = (
				B0A432262B85978D00D19076 /* KTVTests.swift in Sources */,
			);
			runOnlyForDeploymentPostprocessing = 0;
		};
		B0A432272B85978D00D19076 /* Sources */ = {
			isa = PBXSourcesBuildPhase;
			buildActionMask = 2147483647;
			files = (
				B0A432322B85978D00D19076 /* KTVUITestsLaunchTests.swift in Sources */,
				B0A432302B85978D00D19076 /* KTVUITests.swift in Sources */,
			);
			runOnlyForDeploymentPostprocessing = 0;
		};
/* End PBXSourcesBuildPhase section */

/* Begin PBXTargetDependency section */
		B0A432232B85978D00D19076 /* PBXTargetDependency */ = {
			isa = PBXTargetDependency;
			target = B0A4320A2B85978A00D19076 /* KTV */;
			targetProxy = B0A432222B85978D00D19076 /* PBXContainerItemProxy */;
		};
		B0A4322D2B85978D00D19076 /* PBXTargetDependency */ = {
			isa = PBXTargetDependency;
			target = B0A4320A2B85978A00D19076 /* KTV */;
			targetProxy = B0A4322C2B85978D00D19076 /* PBXContainerItemProxy */;
		};
/* End PBXTargetDependency section */

/* Begin PBXVariantGroup section */
		B0A432142B85978A00D19076 /* Main.storyboard */ = {
			isa = PBXVariantGroup;
			children = (
				B0A432152B85978A00D19076 /* Base */,
			);
			name = Main.storyboard;
			sourceTree = "<group>";
		};
		B0A432192B85978C00D19076 /* LaunchScreen.storyboard */ = {
			isa = PBXVariantGroup;
			children = (
				B0A4321A2B85978C00D19076 /* Base */,
			);
			name = LaunchScreen.storyboard;
			sourceTree = "<group>";
		};
/* End PBXVariantGroup section */

/* Begin XCBuildConfiguration section */
		B0A432332B85978D00D19076 /* Debug */ = {
			isa = XCBuildConfiguration;
			buildSettings = {
				ALWAYS_SEARCH_USER_PATHS = NO;
				CLANG_ANALYZER_NONNULL = YES;
				CLANG_ANALYZER_NUMBER_OBJECT_CONVERSION = YES_AGGRESSIVE;
				CLANG_CXX_LANGUAGE_STANDARD = "gnu++20";
				CLANG_ENABLE_MODULES = YES;
				CLANG_ENABLE_OBJC_ARC = YES;
				CLANG_ENABLE_OBJC_WEAK = YES;
				CLANG_WARN_BLOCK_CAPTURE_AUTORELEASING = YES;
				CLANG_WARN_BOOL_CONVERSION = YES;
				CLANG_WARN_COMMA = YES;
				CLANG_WARN_CONSTANT_CONVERSION = YES;
				CLANG_WARN_DEPRECATED_OBJC_IMPLEMENTATIONS = YES;
				CLANG_WARN_DIRECT_OBJC_ISA_USAGE = YES_ERROR;
				CLANG_WARN_DOCUMENTATION_COMMENTS = YES;
				CLANG_WARN_EMPTY_BODY = YES;
				CLANG_WARN_ENUM_CONVERSION = YES;
				CLANG_WARN_INFINITE_RECURSION = YES;
				CLANG_WARN_INT_CONVERSION = YES;
				CLANG_WARN_NON_LITERAL_NULL_CONVERSION = YES;
				CLANG_WARN_OBJC_IMPLICIT_RETAIN_SELF = YES;
				CLANG_WARN_OBJC_LITERAL_CONVERSION = YES;
				CLANG_WARN_OBJC_ROOT_CLASS = YES_ERROR;
				CLANG_WARN_QUOTED_INCLUDE_IN_FRAMEWORK_HEADER = YES;
				CLANG_WARN_RANGE_LOOP_ANALYSIS = YES;
				CLANG_WARN_STRICT_PROTOTYPES = YES;
				CLANG_WARN_SUSPICIOUS_MOVE = YES;
				CLANG_WARN_UNGUARDED_AVAILABILITY = YES_AGGRESSIVE;
				CLANG_WARN_UNREACHABLE_CODE = YES;
				CLANG_WARN__DUPLICATE_METHOD_MATCH = YES;
				COPY_PHASE_STRIP = NO;
				DEBUG_INFORMATION_FORMAT = dwarf;
				ENABLE_STRICT_OBJC_MSGSEND = YES;
				ENABLE_TESTABILITY = YES;
				GCC_C_LANGUAGE_STANDARD = gnu11;
				GCC_DYNAMIC_NO_PIC = NO;
				GCC_NO_COMMON_BLOCKS = YES;
				GCC_OPTIMIZATION_LEVEL = 0;
				GCC_PREPROCESSOR_DEFINITIONS = (
					"DEBUG=1",
					"$(inherited)",
				);
				GCC_WARN_64_TO_32_BIT_CONVERSION = YES;
				GCC_WARN_ABOUT_RETURN_TYPE = YES_ERROR;
				GCC_WARN_UNDECLARED_SELECTOR = YES;
				GCC_WARN_UNINITIALIZED_AUTOS = YES_AGGRESSIVE;
				GCC_WARN_UNUSED_FUNCTION = YES;
				GCC_WARN_UNUSED_VARIABLE = YES;
				IPHONEOS_DEPLOYMENT_TARGET = 16.2;
				MTL_ENABLE_DEBUG_INFO = INCLUDE_SOURCE;
				MTL_FAST_MATH = YES;
				ONLY_ACTIVE_ARCH = YES;
				SDKROOT = iphoneos;
				SWIFT_ACTIVE_COMPILATION_CONDITIONS = DEBUG;
				SWIFT_OPTIMIZATION_LEVEL = "-Onone";
			};
			name = Debug;
		};
		B0A432342B85978D00D19076 /* Release */ = {
			isa = XCBuildConfiguration;
			buildSettings = {
				ALWAYS_SEARCH_USER_PATHS = NO;
				CLANG_ANALYZER_NONNULL = YES;
				CLANG_ANALYZER_NUMBER_OBJECT_CONVERSION = YES_AGGRESSIVE;
				CLANG_CXX_LANGUAGE_STANDARD = "gnu++20";
				CLANG_ENABLE_MODULES = YES;
				CLANG_ENABLE_OBJC_ARC = YES;
				CLANG_ENABLE_OBJC_WEAK = YES;
				CLANG_WARN_BLOCK_CAPTURE_AUTORELEASING = YES;
				CLANG_WARN_BOOL_CONVERSION = YES;
				CLANG_WARN_COMMA = YES;
				CLANG_WARN_CONSTANT_CONVERSION = YES;
				CLANG_WARN_DEPRECATED_OBJC_IMPLEMENTATIONS = YES;
				CLANG_WARN_DIRECT_OBJC_ISA_USAGE = YES_ERROR;
				CLANG_WARN_DOCUMENTATION_COMMENTS = YES;
				CLANG_WARN_EMPTY_BODY = YES;
				CLANG_WARN_ENUM_CONVERSION = YES;
				CLANG_WARN_INFINITE_RECURSION = YES;
				CLANG_WARN_INT_CONVERSION = YES;
				CLANG_WARN_NON_LITERAL_NULL_CONVERSION = YES;
				CLANG_WARN_OBJC_IMPLICIT_RETAIN_SELF = YES;
				CLANG_WARN_OBJC_LITERAL_CONVERSION = YES;
				CLANG_WARN_OBJC_ROOT_CLASS = YES_ERROR;
				CLANG_WARN_QUOTED_INCLUDE_IN_FRAMEWORK_HEADER = YES;
				CLANG_WARN_RANGE_LOOP_ANALYSIS = YES;
				CLANG_WARN_STRICT_PROTOTYPES = YES;
				CLANG_WARN_SUSPICIOUS_MOVE = YES;
				CLANG_WARN_UNGUARDED_AVAILABILITY = YES_AGGRESSIVE;
				CLANG_WARN_UNREACHABLE_CODE = YES;
				CLANG_WARN__DUPLICATE_METHOD_MATCH = YES;
				COPY_PHASE_STRIP = NO;
				DEBUG_INFORMATION_FORMAT = "dwarf-with-dsym";
				ENABLE_NS_ASSERTIONS = NO;
				ENABLE_STRICT_OBJC_MSGSEND = YES;
				GCC_C_LANGUAGE_STANDARD = gnu11;
				GCC_NO_COMMON_BLOCKS = YES;
				GCC_WARN_64_TO_32_BIT_CONVERSION = YES;
				GCC_WARN_ABOUT_RETURN_TYPE = YES_ERROR;
				GCC_WARN_UNDECLARED_SELECTOR = YES;
				GCC_WARN_UNINITIALIZED_AUTOS = YES_AGGRESSIVE;
				GCC_WARN_UNUSED_FUNCTION = YES;
				GCC_WARN_UNUSED_VARIABLE = YES;
				IPHONEOS_DEPLOYMENT_TARGET = 16.2;
				MTL_ENABLE_DEBUG_INFO = NO;
				MTL_FAST_MATH = YES;
				SDKROOT = iphoneos;
				SWIFT_COMPILATION_MODE = wholemodule;
				SWIFT_OPTIMIZATION_LEVEL = "-O";
				VALIDATE_PRODUCT = YES;
			};
			name = Release;
		};
		B0A432362B85978D00D19076 /* Debug */ = {
			isa = XCBuildConfiguration;
			buildSettings = {
				ASSETCATALOG_COMPILER_APPICON_NAME = AppIcon;
				ASSETCATALOG_COMPILER_GLOBAL_ACCENT_COLOR_NAME = AccentColor;
				CODE_SIGN_STYLE = Automatic;
				CURRENT_PROJECT_VERSION = 1;
				GENERATE_INFOPLIST_FILE = YES;
				INFOPLIST_FILE = KTV/Info.plist;
				INFOPLIST_KEY_UIApplicationSupportsIndirectInputEvents = YES;
				INFOPLIST_KEY_UILaunchStoryboardName = LaunchScreen;
				INFOPLIST_KEY_UIMainStoryboardFile = Main;
				INFOPLIST_KEY_UISupportedInterfaceOrientations_iPad = "UIInterfaceOrientationPortrait UIInterfaceOrientationPortraitUpsideDown UIInterfaceOrientationLandscapeLeft UIInterfaceOrientationLandscapeRight";
				INFOPLIST_KEY_UISupportedInterfaceOrientations_iPhone = "UIInterfaceOrientationPortrait UIInterfaceOrientationLandscapeLeft UIInterfaceOrientationLandscapeRight";
				LD_RUNPATH_SEARCH_PATHS = (
					"$(inherited)",
					"@executable_path/Frameworks",
				);
				MARKETING_VERSION = 1.0;
				PRODUCT_BUNDLE_IDENTIFIER = zero.KTV;
				PRODUCT_NAME = "$(TARGET_NAME)";
				SWIFT_EMIT_LOC_STRINGS = YES;
				SWIFT_VERSION = 5.0;
				TARGETED_DEVICE_FAMILY = "1,2";
			};
			name = Debug;
		};
		B0A432372B85978D00D19076 /* Release */ = {
			isa = XCBuildConfiguration;
			buildSettings = {
				ASSETCATALOG_COMPILER_APPICON_NAME = AppIcon;
				ASSETCATALOG_COMPILER_GLOBAL_ACCENT_COLOR_NAME = AccentColor;
				CODE_SIGN_STYLE = Automatic;
				CURRENT_PROJECT_VERSION = 1;
				GENERATE_INFOPLIST_FILE = YES;
				INFOPLIST_FILE = KTV/Info.plist;
				INFOPLIST_KEY_UIApplicationSupportsIndirectInputEvents = YES;
				INFOPLIST_KEY_UILaunchStoryboardName = LaunchScreen;
				INFOPLIST_KEY_UIMainStoryboardFile = Main;
				INFOPLIST_KEY_UISupportedInterfaceOrientations_iPad = "UIInterfaceOrientationPortrait UIInterfaceOrientationPortraitUpsideDown UIInterfaceOrientationLandscapeLeft UIInterfaceOrientationLandscapeRight";
				INFOPLIST_KEY_UISupportedInterfaceOrientations_iPhone = "UIInterfaceOrientationPortrait UIInterfaceOrientationLandscapeLeft UIInterfaceOrientationLandscapeRight";
				LD_RUNPATH_SEARCH_PATHS = (
					"$(inherited)",
					"@executable_path/Frameworks",
				);
				MARKETING_VERSION = 1.0;
				PRODUCT_BUNDLE_IDENTIFIER = zero.KTV;
				PRODUCT_NAME = "$(TARGET_NAME)";
				SWIFT_EMIT_LOC_STRINGS = YES;
				SWIFT_VERSION = 5.0;
				TARGETED_DEVICE_FAMILY = "1,2";
			};
			name = Release;
		};
		B0A432392B85978D00D19076 /* Debug */ = {
			isa = XCBuildConfiguration;
			buildSettings = {
				ALWAYS_EMBED_SWIFT_STANDARD_LIBRARIES = YES;
				BUNDLE_LOADER = "$(TEST_HOST)";
				CODE_SIGN_STYLE = Automatic;
				CURRENT_PROJECT_VERSION = 1;
				GENERATE_INFOPLIST_FILE = YES;
				IPHONEOS_DEPLOYMENT_TARGET = 16.2;
				MARKETING_VERSION = 1.0;
				PRODUCT_BUNDLE_IDENTIFIER = zero.KTVTests;
				PRODUCT_NAME = "$(TARGET_NAME)";
				SWIFT_EMIT_LOC_STRINGS = NO;
				SWIFT_VERSION = 5.0;
				TARGETED_DEVICE_FAMILY = "1,2";
				TEST_HOST = "$(BUILT_PRODUCTS_DIR)/KTV.app/$(BUNDLE_EXECUTABLE_FOLDER_PATH)/KTV";
			};
			name = Debug;
		};
		B0A4323A2B85978D00D19076 /* Release */ = {
			isa = XCBuildConfiguration;
			buildSettings = {
				ALWAYS_EMBED_SWIFT_STANDARD_LIBRARIES = YES;
				BUNDLE_LOADER = "$(TEST_HOST)";
				CODE_SIGN_STYLE = Automatic;
				CURRENT_PROJECT_VERSION = 1;
				GENERATE_INFOPLIST_FILE = YES;
				IPHONEOS_DEPLOYMENT_TARGET = 16.2;
				MARKETING_VERSION = 1.0;
				PRODUCT_BUNDLE_IDENTIFIER = zero.KTVTests;
				PRODUCT_NAME = "$(TARGET_NAME)";
				SWIFT_EMIT_LOC_STRINGS = NO;
				SWIFT_VERSION = 5.0;
				TARGETED_DEVICE_FAMILY = "1,2";
				TEST_HOST = "$(BUILT_PRODUCTS_DIR)/KTV.app/$(BUNDLE_EXECUTABLE_FOLDER_PATH)/KTV";
			};
			name = Release;
		};
		B0A4323C2B85978D00D19076 /* Debug */ = {
			isa = XCBuildConfiguration;
			buildSettings = {
				ALWAYS_EMBED_SWIFT_STANDARD_LIBRARIES = YES;
				CODE_SIGN_STYLE = Automatic;
				CURRENT_PROJECT_VERSION = 1;
				GENERATE_INFOPLIST_FILE = YES;
				MARKETING_VERSION = 1.0;
				PRODUCT_BUNDLE_IDENTIFIER = zero.KTVUITests;
				PRODUCT_NAME = "$(TARGET_NAME)";
				SWIFT_EMIT_LOC_STRINGS = NO;
				SWIFT_VERSION = 5.0;
				TARGETED_DEVICE_FAMILY = "1,2";
				TEST_TARGET_NAME = KTV;
			};
			name = Debug;
		};
		B0A4323D2B85978D00D19076 /* Release */ = {
			isa = XCBuildConfiguration;
			buildSettings = {
				ALWAYS_EMBED_SWIFT_STANDARD_LIBRARIES = YES;
				CODE_SIGN_STYLE = Automatic;
				CURRENT_PROJECT_VERSION = 1;
				GENERATE_INFOPLIST_FILE = YES;
				MARKETING_VERSION = 1.0;
				PRODUCT_BUNDLE_IDENTIFIER = zero.KTVUITests;
				PRODUCT_NAME = "$(TARGET_NAME)";
				SWIFT_EMIT_LOC_STRINGS = NO;
				SWIFT_VERSION = 5.0;
				TARGETED_DEVICE_FAMILY = "1,2";
				TEST_TARGET_NAME = KTV;
			};
			name = Release;
		};
/* End XCBuildConfiguration section */

/* Begin XCConfigurationList section */
		B0A432062B85978A00D19076 /* Build configuration list for PBXProject "KTV" */ = {
			isa = XCConfigurationList;
			buildConfigurations = (
				B0A432332B85978D00D19076 /* Debug */,
				B0A432342B85978D00D19076 /* Release */,
			);
			defaultConfigurationIsVisible = 0;
			defaultConfigurationName = Release;
		};
		B0A432352B85978D00D19076 /* Build configuration list for PBXNativeTarget "KTV" */ = {
			isa = XCConfigurationList;
			buildConfigurations = (
				B0A432362B85978D00D19076 /* Debug */,
				B0A432372B85978D00D19076 /* Release */,
			);
			defaultConfigurationIsVisible = 0;
			defaultConfigurationName = Release;
		};
		B0A432382B85978D00D19076 /* Build configuration list for PBXNativeTarget "KTVTests" */ = {
			isa = XCConfigurationList;
			buildConfigurations = (
				B0A432392B85978D00D19076 /* Debug */,
				B0A4323A2B85978D00D19076 /* Release */,
			);
			defaultConfigurationIsVisible = 0;
			defaultConfigurationName = Release;
		};
		B0A4323B2B85978D00D19076 /* Build configuration list for PBXNativeTarget "KTVUITests" */ = {
			isa = XCConfigurationList;
			buildConfigurations = (
				B0A4323C2B85978D00D19076 /* Debug */,
				B0A4323D2B85978D00D19076 /* Release */,
			);
			defaultConfigurationIsVisible = 0;
			defaultConfigurationName = Release;
		};
/* End XCConfigurationList section */
	};
	rootObject = B0A432032B85978A00D19076 /* Project object */;
}
