// !$*UTF8*$!
{
	archiveVersion = 1;
	classes = {
	};
	objectVersion = 56;
	objects = {

/* Begin PBXBuildFile section */
		B0A430C92B84685A00D19076 /* AppDelegate.swift in Sources */ = {isa = PBXBuildFile; fileRef = B0A430C82B84685A00D19076 /* AppDelegate.swift */; };
		B0A430CB2B84685A00D19076 /* SceneDelegate.swift in Sources */ = {isa = PBXBuildFile; fileRef = B0A430CA2B84685A00D19076 /* SceneDelegate.swift */; };
		B0A430CD2B84685A00D19076 /* LoginViewController.swift in Sources */ = {isa = PBXBuildFile; fileRef = B0A430CC2B84685A00D19076 /* LoginViewController.swift */; };
		B0A430D02B84685A00D19076 /* Main.storyboard in Resources */ = {isa = PBXBuildFile; fileRef = B0A430CE2B84685A00D19076 /* Main.storyboard */; };
		B0A430D22B84685B00D19076 /* Assets.xcassets in Resources */ = {isa = PBXBuildFile; fileRef = B0A430D12B84685B00D19076 /* Assets.xcassets */; };
		B0A430D52B84685B00D19076 /* LaunchScreen.storyboard in Resources */ = {isa = PBXBuildFile; fileRef = B0A430D32B84685B00D19076 /* LaunchScreen.storyboard */; };
		B0A430E02B84685C00D19076 /* KTVTests.swift in Sources */ = {isa = PBXBuildFile; fileRef = B0A430DF2B84685C00D19076 /* KTVTests.swift */; };
		B0A430EA2B84685C00D19076 /* KTVUITests.swift in Sources */ = {isa = PBXBuildFile; fileRef = B0A430E92B84685C00D19076 /* KTVUITests.swift */; };
		B0A430EC2B84685C00D19076 /* KTVUITestsLaunchTests.swift in Sources */ = {isa = PBXBuildFile; fileRef = B0A430EB2B84685C00D19076 /* KTVUITestsLaunchTests.swift */; };
		B0A430F92B8468A700D19076 /* Colors.xcassets in Resources */ = {isa = PBXBuildFile; fileRef = B0A430F82B8468A700D19076 /* Colors.xcassets */; };
		B0A430FD2B84708E00D19076 /* HomeViewController.swift in Sources */ = {isa = PBXBuildFile; fileRef = B0A430FC2B84708E00D19076 /* HomeViewController.swift */; };
		B0A431032B84715600D19076 /* HomeVideoCell.swift in Sources */ = {isa = PBXBuildFile; fileRef = B0A431012B84715600D19076 /* HomeVideoCell.swift */; };
		B0A431042B84715600D19076 /* HomeVideoCell.xib in Resources */ = {isa = PBXBuildFile; fileRef = B0A431022B84715600D19076 /* HomeVideoCell.xib */; };
		B0A431062B84825800D19076 /* HomeSection.swift in Sources */ = {isa = PBXBuildFile; fileRef = B0A431052B84825800D19076 /* HomeSection.swift */; };
		B0A4310D2B8490C400D19076 /* HomeHeaderCell.swift in Sources */ = {isa = PBXBuildFile; fileRef = B0A4310B2B8490C400D19076 /* HomeHeaderCell.swift */; };
		B0A4310E2B8490C400D19076 /* HomeHeaderCell.xib in Resources */ = {isa = PBXBuildFile; fileRef = B0A4310C2B8490C400D19076 /* HomeHeaderCell.xib */; };
		B0A431112B84912A00D19076 /* HomeRecommendContainerCell.swift in Sources */ = {isa = PBXBuildFile; fileRef = B0A4310F2B84912A00D19076 /* HomeRecommendContainerCell.swift */; };
		B0A431122B84912A00D19076 /* HomeRecommendContainerCell.xib in Resources */ = {isa = PBXBuildFile; fileRef = B0A431102B84912A00D19076 /* HomeRecommendContainerCell.xib */; };
		B0A431152B84914100D19076 /* HomeRecommendItemCell.swift in Sources */ = {isa = PBXBuildFile; fileRef = B0A431132B84914100D19076 /* HomeRecommendItemCell.swift */; };
		B0A431162B84914100D19076 /* HomeRecommendItemCell.xib in Resources */ = {isa = PBXBuildFile; fileRef = B0A431142B84914100D19076 /* HomeRecommendItemCell.xib */; };
		B0A431192B84915500D19076 /* HomeFooterCell.swift in Sources */ = {isa = PBXBuildFile; fileRef = B0A431172B84915500D19076 /* HomeFooterCell.swift */; };
		B0A4311A2B84915500D19076 /* HomeFooterCell.xib in Resources */ = {isa = PBXBuildFile; fileRef = B0A431182B84915500D19076 /* HomeFooterCell.xib */; };
		B0A4311C2B84924300D19076 /* TabBarController.swift in Sources */ = {isa = PBXBuildFile; fileRef = B0A4311B2B84924300D19076 /* TabBarController.swift */; };
		B0A4311E2B84929500D19076 /* HomeViewModel.swift in Sources */ = {isa = PBXBuildFile; fileRef = B0A4311D2B84929500D19076 /* HomeViewModel.swift */; };
/* End PBXBuildFile section */

/* Begin PBXContainerItemProxy section */
		B0A430DC2B84685C00D19076 /* PBXContainerItemProxy */ = {
			isa = PBXContainerItemProxy;
			containerPortal = B0A430BD2B84685A00D19076 /* Project object */;
			proxyType = 1;
			remoteGlobalIDString = B0A430C42B84685A00D19076;
			remoteInfo = KTV;
		};
		B0A430E62B84685C00D19076 /* PBXContainerItemProxy */ = {
			isa = PBXContainerItemProxy;
			containerPortal = B0A430BD2B84685A00D19076 /* Project object */;
			proxyType = 1;
			remoteGlobalIDString = B0A430C42B84685A00D19076;
			remoteInfo = KTV;
		};
/* End PBXContainerItemProxy section */

/* Begin PBXFileReference section */
		B0A430C52B84685A00D19076 /* KTV.app */ = {isa = PBXFileReference; explicitFileType = wrapper.application; includeInIndex = 0; path = KTV.app; sourceTree = BUILT_PRODUCTS_DIR; };
		B0A430C82B84685A00D19076 /* AppDelegate.swift */ = {isa = PBXFileReference; lastKnownFileType = sourcecode.swift; path = AppDelegate.swift; sourceTree = "<group>"; };
		B0A430CA2B84685A00D19076 /* SceneDelegate.swift */ = {isa = PBXFileReference; lastKnownFileType = sourcecode.swift; path = SceneDelegate.swift; sourceTree = "<group>"; };
		B0A430CC2B84685A00D19076 /* LoginViewController.swift */ = {isa = PBXFileReference; lastKnownFileType = sourcecode.swift; path = LoginViewController.swift; sourceTree = "<group>"; };
		B0A430CF2B84685A00D19076 /* Base */ = {isa = PBXFileReference; lastKnownFileType = file.storyboard; name = Base; path = Base.lproj/Main.storyboard; sourceTree = "<group>"; };
		B0A430D12B84685B00D19076 /* Assets.xcassets */ = {isa = PBXFileReference; lastKnownFileType = folder.assetcatalog; path = Assets.xcassets; sourceTree = "<group>"; };
		B0A430D42B84685B00D19076 /* Base */ = {isa = PBXFileReference; lastKnownFileType = file.storyboard; name = Base; path = Base.lproj/LaunchScreen.storyboard; sourceTree = "<group>"; };
		B0A430D62B84685B00D19076 /* Info.plist */ = {isa = PBXFileReference; lastKnownFileType = text.plist.xml; path = Info.plist; sourceTree = "<group>"; };
		B0A430DB2B84685C00D19076 /* KTVTests.xctest */ = {isa = PBXFileReference; explicitFileType = wrapper.cfbundle; includeInIndex = 0; path = KTVTests.xctest; sourceTree = BUILT_PRODUCTS_DIR; };
		B0A430DF2B84685C00D19076 /* KTVTests.swift */ = {isa = PBXFileReference; lastKnownFileType = sourcecode.swift; path = KTVTests.swift; sourceTree = "<group>"; };
		B0A430E52B84685C00D19076 /* KTVUITests.xctest */ = {isa = PBXFileReference; explicitFileType = wrapper.cfbundle; includeInIndex = 0; path = KTVUITests.xctest; sourceTree = BUILT_PRODUCTS_DIR; };
		B0A430E92B84685C00D19076 /* KTVUITests.swift */ = {isa = PBXFileReference; lastKnownFileType = sourcecode.swift; path = KTVUITests.swift; sourceTree = "<group>"; };
		B0A430EB2B84685C00D19076 /* KTVUITestsLaunchTests.swift */ = {isa = PBXFileReference; lastKnownFileType = sourcecode.swift; path = KTVUITestsLaunchTests.swift; sourceTree = "<group>"; };
		B0A430F82B8468A700D19076 /* Colors.xcassets */ = {isa = PBXFileReference; lastKnownFileType = folder.assetcatalog; path = Colors.xcassets; sourceTree = "<group>"; };
		B0A430FC2B84708E00D19076 /* HomeViewController.swift */ = {isa = PBXFileReference; lastKnownFileType = sourcecode.swift; path = HomeViewController.swift; sourceTree = "<group>"; };
		B0A431012B84715600D19076 /* HomeVideoCell.swift */ = {isa = PBXFileReference; lastKnownFileType = sourcecode.swift; path = HomeVideoCell.swift; sourceTree = "<group>"; };
		B0A431022B84715600D19076 /* HomeVideoCell.xib */ = {isa = PBXFileReference; lastKnownFileType = file.xib; path = HomeVideoCell.xib; sourceTree = "<group>"; };
		B0A431052B84825800D19076 /* HomeSection.swift */ = {isa = PBXFileReference; lastKnownFileType = sourcecode.swift; path = HomeSection.swift; sourceTree = "<group>"; };
		B0A4310B2B8490C400D19076 /* HomeHeaderCell.swift */ = {isa = PBXFileReference; lastKnownFileType = sourcecode.swift; path = HomeHeaderCell.swift; sourceTree = "<group>"; };
		B0A4310C2B8490C400D19076 /* HomeHeaderCell.xib */ = {isa = PBXFileReference; lastKnownFileType = file.xib; path = HomeHeaderCell.xib; sourceTree = "<group>"; };
		B0A4310F2B84912A00D19076 /* HomeRecommendContainerCell.swift */ = {isa = PBXFileReference; lastKnownFileType = sourcecode.swift; path = HomeRecommendContainerCell.swift; sourceTree = "<group>"; };
		B0A431102B84912A00D19076 /* HomeRecommendContainerCell.xib */ = {isa = PBXFileReference; lastKnownFileType = file.xib; path = HomeRecommendContainerCell.xib; sourceTree = "<group>"; };
		B0A431132B84914100D19076 /* HomeRecommendItemCell.swift */ = {isa = PBXFileReference; lastKnownFileType = sourcecode.swift; path = HomeRecommendItemCell.swift; sourceTree = "<group>"; };
		B0A431142B84914100D19076 /* HomeRecommendItemCell.xib */ = {isa = PBXFileReference; lastKnownFileType = file.xib; path = HomeRecommendItemCell.xib; sourceTree = "<group>"; };
		B0A431172B84915500D19076 /* HomeFooterCell.swift */ = {isa = PBXFileReference; lastKnownFileType = sourcecode.swift; path = HomeFooterCell.swift; sourceTree = "<group>"; };
		B0A431182B84915500D19076 /* HomeFooterCell.xib */ = {isa = PBXFileReference; lastKnownFileType = file.xib; path = HomeFooterCell.xib; sourceTree = "<group>"; };
		B0A4311B2B84924300D19076 /* TabBarController.swift */ = {isa = PBXFileReference; lastKnownFileType = sourcecode.swift; path = TabBarController.swift; sourceTree = "<group>"; };
		B0A4311D2B84929500D19076 /* HomeViewModel.swift */ = {isa = PBXFileReference; lastKnownFileType = sourcecode.swift; name = HomeViewModel.swift; path = Cell/HomeViewModel.swift; sourceTree = "<group>"; };
/* End PBXFileReference section */

/* Begin PBXFrameworksBuildPhase section */
		B0A430C22B84685A00D19076 /* Frameworks */ = {
			isa = PBXFrameworksBuildPhase;
			buildActionMask = 2147483647;
			files = (
			);
			runOnlyForDeploymentPostprocessing = 0;
		};
		B0A430D82B84685C00D19076 /* Frameworks */ = {
			isa = PBXFrameworksBuildPhase;
			buildActionMask = 2147483647;
			files = (
			);
			runOnlyForDeploymentPostprocessing = 0;
		};
		B0A430E22B84685C00D19076 /* Frameworks */ = {
			isa = PBXFrameworksBuildPhase;
			buildActionMask = 2147483647;
			files = (
			);
			runOnlyForDeploymentPostprocessing = 0;
		};
/* End PBXFrameworksBuildPhase section */

/* Begin PBXGroup section */
		B0A430BC2B84685A00D19076 = {
			isa = PBXGroup;
			children = (
				B0A430C72B84685A00D19076 /* KTV */,
				B0A430DE2B84685C00D19076 /* KTVTests */,
				B0A430E82B84685C00D19076 /* KTVUITests */,
				B0A430C62B84685A00D19076 /* Products */,
			);
			sourceTree = "<group>";
		};
		B0A430C62B84685A00D19076 /* Products */ = {
			isa = PBXGroup;
			children = (
				B0A430C52B84685A00D19076 /* KTV.app */,
				B0A430DB2B84685C00D19076 /* KTVTests.xctest */,
				B0A430E52B84685C00D19076 /* KTVUITests.xctest */,
			);
			name = Products;
			sourceTree = "<group>";
		};
		B0A430C72B84685A00D19076 /* KTV */ = {
			isa = PBXGroup;
			children = (
				B0A430FB2B84708100D19076 /* Home */,
				B0A430FA2B84707800D19076 /* Login */,
				B0A430C82B84685A00D19076 /* AppDelegate.swift */,
				B0A430CA2B84685A00D19076 /* SceneDelegate.swift */,
				B0A430CE2B84685A00D19076 /* Main.storyboard */,
				B0A430D12B84685B00D19076 /* Assets.xcassets */,
				B0A430D32B84685B00D19076 /* LaunchScreen.storyboard */,
				B0A430D62B84685B00D19076 /* Info.plist */,
				B0A430F82B8468A700D19076 /* Colors.xcassets */,
				B0A4311B2B84924300D19076 /* TabBarController.swift */,
			);
			path = KTV;
			sourceTree = "<group>";
		};
		B0A430DE2B84685C00D19076 /* KTVTests */ = {
			isa = PBXGroup;
			children = (
				B0A430DF2B84685C00D19076 /* KTVTests.swift */,
			);
			path = KTVTests;
			sourceTree = "<group>";
		};
		B0A430E82B84685C00D19076 /* KTVUITests */ = {
			isa = PBXGroup;
			children = (
				B0A430E92B84685C00D19076 /* KTVUITests.swift */,
				B0A430EB2B84685C00D19076 /* KTVUITestsLaunchTests.swift */,
			);
			path = KTVUITests;
			sourceTree = "<group>";
		};
		B0A430FA2B84707800D19076 /* Login */ = {
			isa = PBXGroup;
			children = (
				B0A430CC2B84685A00D19076 /* LoginViewController.swift */,
			);
			path = Login;
			sourceTree = "<group>";
		};
		B0A430FB2B84708100D19076 /* Home */ = {
			isa = PBXGroup;
			children = (
				B0A430FE2B8470EA00D19076 /* Cell */,
				B0A430FC2B84708E00D19076 /* HomeViewController.swift */,
				B0A431052B84825800D19076 /* HomeSection.swift */,
				B0A4311D2B84929500D19076 /* HomeViewModel.swift */,
			);
			path = Home;
			sourceTree = "<group>";
		};
		B0A430FE2B8470EA00D19076 /* Cell */ = {
			isa = PBXGroup;
			children = (
				B0A431012B84715600D19076 /* HomeVideoCell.swift */,
				B0A431022B84715600D19076 /* HomeVideoCell.xib */,
				B0A4310B2B8490C400D19076 /* HomeHeaderCell.swift */,
				B0A4310C2B8490C400D19076 /* HomeHeaderCell.xib */,
				B0A4310F2B84912A00D19076 /* HomeRecommendContainerCell.swift */,
				B0A431102B84912A00D19076 /* HomeRecommendContainerCell.xib */,
				B0A431132B84914100D19076 /* HomeRecommendItemCell.swift */,
				B0A431142B84914100D19076 /* HomeRecommendItemCell.xib */,
				B0A431172B84915500D19076 /* HomeFooterCell.swift */,
				B0A431182B84915500D19076 /* HomeFooterCell.xib */,
			);
			path = Cell;
			sourceTree = "<group>";
		};
/* End PBXGroup section */

/* Begin PBXNativeTarget section */
		B0A430C42B84685A00D19076 /* KTV */ = {
			isa = PBXNativeTarget;
			buildConfigurationList = B0A430EF2B84685C00D19076 /* Build configuration list for PBXNativeTarget "KTV" */;
			buildPhases = (
				B0A430C12B84685A00D19076 /* Sources */,
				B0A430C22B84685A00D19076 /* Frameworks */,
				B0A430C32B84685A00D19076 /* Resources */,
			);
			buildRules = (
			);
			dependencies = (
			);
			name = KTV;
			productName = KTV;
			productReference = B0A430C52B84685A00D19076 /* KTV.app */;
			productType = "com.apple.product-type.application";
		};
		B0A430DA2B84685C00D19076 /* KTVTests */ = {
			isa = PBXNativeTarget;
			buildConfigurationList = B0A430F22B84685C00D19076 /* Build configuration list for PBXNativeTarget "KTVTests" */;
			buildPhases = (
				B0A430D72B84685C00D19076 /* Sources */,
				B0A430D82B84685C00D19076 /* Frameworks */,
				B0A430D92B84685C00D19076 /* Resources */,
			);
			buildRules = (
			);
			dependencies = (
				B0A430DD2B84685C00D19076 /* PBXTargetDependency */,
			);
			name = KTVTests;
			productName = KTVTests;
			productReference = B0A430DB2B84685C00D19076 /* KTVTests.xctest */;
			productType = "com.apple.product-type.bundle.unit-test";
		};
		B0A430E42B84685C00D19076 /* KTVUITests */ = {
			isa = PBXNativeTarget;
			buildConfigurationList = B0A430F52B84685C00D19076 /* Build configuration list for PBXNativeTarget "KTVUITests" */;
			buildPhases = (
				B0A430E12B84685C00D19076 /* Sources */,
				B0A430E22B84685C00D19076 /* Frameworks */,
				B0A430E32B84685C00D19076 /* Resources */,
			);
			buildRules = (
			);
			dependencies = (
				B0A430E72B84685C00D19076 /* PBXTargetDependency */,
			);
			name = KTVUITests;
			productName = KTVUITests;
			productReference = B0A430E52B84685C00D19076 /* KTVUITests.xctest */;
			productType = "com.apple.product-type.bundle.ui-testing";
		};
/* End PBXNativeTarget section */

/* Begin PBXProject section */
		B0A430BD2B84685A00D19076 /* Project object */ = {
			isa = PBXProject;
			attributes = {
				BuildIndependentTargetsInParallel = 1;
				LastSwiftUpdateCheck = 1420;
				LastUpgradeCheck = 1420;
				TargetAttributes = {
					B0A430C42B84685A00D19076 = {
						CreatedOnToolsVersion = 14.2;
					};
					B0A430DA2B84685C00D19076 = {
						CreatedOnToolsVersion = 14.2;
						TestTargetID = B0A430C42B84685A00D19076;
					};
					B0A430E42B84685C00D19076 = {
						CreatedOnToolsVersion = 14.2;
						TestTargetID = B0A430C42B84685A00D19076;
					};
				};
			};
			buildConfigurationList = B0A430C02B84685A00D19076 /* Build configuration list for PBXProject "KTV" */;
			compatibilityVersion = "Xcode 14.0";
			developmentRegion = en;
			hasScannedForEncodings = 0;
			knownRegions = (
				en,
				Base,
			);
			mainGroup = B0A430BC2B84685A00D19076;
			productRefGroup = B0A430C62B84685A00D19076 /* Products */;
			projectDirPath = "";
			projectRoot = "";
			targets = (
				B0A430C42B84685A00D19076 /* KTV */,
				B0A430DA2B84685C00D19076 /* KTVTests */,
				B0A430E42B84685C00D19076 /* KTVUITests */,
			);
		};
/* End PBXProject section */

/* Begin PBXResourcesBuildPhase section */
		B0A430C32B84685A00D19076 /* Resources */ = {
			isa = PBXResourcesBuildPhase;
			buildActionMask = 2147483647;
			files = (
				B0A430D52B84685B00D19076 /* LaunchScreen.storyboard in Resources */,
				B0A431122B84912A00D19076 /* HomeRecommendContainerCell.xib in Resources */,
				B0A430F92B8468A700D19076 /* Colors.xcassets in Resources */,
				B0A4311A2B84915500D19076 /* HomeFooterCell.xib in Resources */,
				B0A430D22B84685B00D19076 /* Assets.xcassets in Resources */,
				B0A431162B84914100D19076 /* HomeRecommendItemCell.xib in Resources */,
				B0A431042B84715600D19076 /* HomeVideoCell.xib in Resources */,
				B0A430D02B84685A00D19076 /* Main.storyboard in Resources */,
				B0A4310E2B8490C400D19076 /* HomeHeaderCell.xib in Resources */,
			);
			runOnlyForDeploymentPostprocessing = 0;
		};
		B0A430D92B84685C00D19076 /* Resources */ = {
			isa = PBXResourcesBuildPhase;
			buildActionMask = 2147483647;
			files = (
			);
			runOnlyForDeploymentPostprocessing = 0;
		};
		B0A430E32B84685C00D19076 /* Resources */ = {
			isa = PBXResourcesBuildPhase;
			buildActionMask = 2147483647;
			files = (
			);
			runOnlyForDeploymentPostprocessing = 0;
		};
/* End PBXResourcesBuildPhase section */

/* Begin PBXSourcesBuildPhase section */
		B0A430C12B84685A00D19076 /* Sources */ = {
			isa = PBXSourcesBuildPhase;
			buildActionMask = 2147483647;
			files = (
				B0A430CD2B84685A00D19076 /* LoginViewController.swift in Sources */,
				B0A431192B84915500D19076 /* HomeFooterCell.swift in Sources */,
				B0A4311C2B84924300D19076 /* TabBarController.swift in Sources */,
				B0A431112B84912A00D19076 /* HomeRecommendContainerCell.swift in Sources */,
				B0A431152B84914100D19076 /* HomeRecommendItemCell.swift in Sources */,
				B0A4310D2B8490C400D19076 /* HomeHeaderCell.swift in Sources */,
				B0A430C92B84685A00D19076 /* AppDelegate.swift in Sources */,
				B0A4311E2B84929500D19076 /* HomeViewModel.swift in Sources */,
				B0A431062B84825800D19076 /* HomeSection.swift in Sources */,
				B0A430CB2B84685A00D19076 /* SceneDelegate.swift in Sources */,
				B0A431032B84715600D19076 /* HomeVideoCell.swift in Sources */,
				B0A430FD2B84708E00D19076 /* HomeViewController.swift in Sources */,
			);
			runOnlyForDeploymentPostprocessing = 0;
		};
		B0A430D72B84685C00D19076 /* Sources */ = {
			isa = PBXSourcesBuildPhase;
			buildActionMask = 2147483647;
			files = (
				B0A430E02B84685C00D19076 /* KTVTests.swift in Sources */,
			);
			runOnlyForDeploymentPostprocessing = 0;
		};
		B0A430E12B84685C00D19076 /* Sources */ = {
			isa = PBXSourcesBuildPhase;
			buildActionMask = 2147483647;
			files = (
				B0A430EC2B84685C00D19076 /* KTVUITestsLaunchTests.swift in Sources */,
				B0A430EA2B84685C00D19076 /* KTVUITests.swift in Sources */,
			);
			runOnlyForDeploymentPostprocessing = 0;
		};
/* End PBXSourcesBuildPhase section */

/* Begin PBXTargetDependency section */
		B0A430DD2B84685C00D19076 /* PBXTargetDependency */ = {
			isa = PBXTargetDependency;
			target = B0A430C42B84685A00D19076 /* KTV */;
			targetProxy = B0A430DC2B84685C00D19076 /* PBXContainerItemProxy */;
		};
		B0A430E72B84685C00D19076 /* PBXTargetDependency */ = {
			isa = PBXTargetDependency;
			target = B0A430C42B84685A00D19076 /* KTV */;
			targetProxy = B0A430E62B84685C00D19076 /* PBXContainerItemProxy */;
		};
/* End PBXTargetDependency section */

/* Begin PBXVariantGroup section */
		B0A430CE2B84685A00D19076 /* Main.storyboard */ = {
			isa = PBXVariantGroup;
			children = (
				B0A430CF2B84685A00D19076 /* Base */,
			);
			name = Main.storyboard;
			sourceTree = "<group>";
		};
		B0A430D32B84685B00D19076 /* LaunchScreen.storyboard */ = {
			isa = PBXVariantGroup;
			children = (
				B0A430D42B84685B00D19076 /* Base */,
			);
			name = LaunchScreen.storyboard;
			sourceTree = "<group>";
		};
/* End PBXVariantGroup section */

/* Begin XCBuildConfiguration section */
		B0A430ED2B84685C00D19076 /* Debug */ = {
			isa = XCBuildConfiguration;
			buildSettings = {
				ALWAYS_SEARCH_USER_PATHS = NO;
				CLANG_ANALYZER_NONNULL = YES;
				CLANG_ANALYZER_NUMBER_OBJECT_CONVERSION = YES_AGGRESSIVE;
				CLANG_CXX_LANGUAGE_STANDARD = "gnu++20";
				CLANG_ENABLE_MODULES = YES;
				CLANG_ENABLE_OBJC_ARC = YES;
				CLANG_ENABLE_OBJC_WEAK = YES;
				CLANG_WARN_BLOCK_CAPTURE_AUTORELEASING = YES;
				CLANG_WARN_BOOL_CONVERSION = YES;
				CLANG_WARN_COMMA = YES;
				CLANG_WARN_CONSTANT_CONVERSION = YES;
				CLANG_WARN_DEPRECATED_OBJC_IMPLEMENTATIONS = YES;
				CLANG_WARN_DIRECT_OBJC_ISA_USAGE = YES_ERROR;
				CLANG_WARN_DOCUMENTATION_COMMENTS = YES;
				CLANG_WARN_EMPTY_BODY = YES;
				CLANG_WARN_ENUM_CONVERSION = YES;
				CLANG_WARN_INFINITE_RECURSION = YES;
				CLANG_WARN_INT_CONVERSION = YES;
				CLANG_WARN_NON_LITERAL_NULL_CONVERSION = YES;
				CLANG_WARN_OBJC_IMPLICIT_RETAIN_SELF = YES;
				CLANG_WARN_OBJC_LITERAL_CONVERSION = YES;
				CLANG_WARN_OBJC_ROOT_CLASS = YES_ERROR;
				CLANG_WARN_QUOTED_INCLUDE_IN_FRAMEWORK_HEADER = YES;
				CLANG_WARN_RANGE_LOOP_ANALYSIS = YES;
				CLANG_WARN_STRICT_PROTOTYPES = YES;
				CLANG_WARN_SUSPICIOUS_MOVE = YES;
				CLANG_WARN_UNGUARDED_AVAILABILITY = YES_AGGRESSIVE;
				CLANG_WARN_UNREACHABLE_CODE = YES;
				CLANG_WARN__DUPLICATE_METHOD_MATCH = YES;
				COPY_PHASE_STRIP = NO;
				DEBUG_INFORMATION_FORMAT = dwarf;
				ENABLE_STRICT_OBJC_MSGSEND = YES;
				ENABLE_TESTABILITY = YES;
				GCC_C_LANGUAGE_STANDARD = gnu11;
				GCC_DYNAMIC_NO_PIC = NO;
				GCC_NO_COMMON_BLOCKS = YES;
				GCC_OPTIMIZATION_LEVEL = 0;
				GCC_PREPROCESSOR_DEFINITIONS = (
					"DEBUG=1",
					"$(inherited)",
				);
				GCC_WARN_64_TO_32_BIT_CONVERSION = YES;
				GCC_WARN_ABOUT_RETURN_TYPE = YES_ERROR;
				GCC_WARN_UNDECLARED_SELECTOR = YES;
				GCC_WARN_UNINITIALIZED_AUTOS = YES_AGGRESSIVE;
				GCC_WARN_UNUSED_FUNCTION = YES;
				GCC_WARN_UNUSED_VARIABLE = YES;
				IPHONEOS_DEPLOYMENT_TARGET = 16.2;
				MTL_ENABLE_DEBUG_INFO = INCLUDE_SOURCE;
				MTL_FAST_MATH = YES;
				ONLY_ACTIVE_ARCH = YES;
				SDKROOT = iphoneos;
				SWIFT_ACTIVE_COMPILATION_CONDITIONS = DEBUG;
				SWIFT_OPTIMIZATION_LEVEL = "-Onone";
			};
			name = Debug;
		};
		B0A430EE2B84685C00D19076 /* Release */ = {
			isa = XCBuildConfiguration;
			buildSettings = {
				ALWAYS_SEARCH_USER_PATHS = NO;
				CLANG_ANALYZER_NONNULL = YES;
				CLANG_ANALYZER_NUMBER_OBJECT_CONVERSION = YES_AGGRESSIVE;
				CLANG_CXX_LANGUAGE_STANDARD = "gnu++20";
				CLANG_ENABLE_MODULES = YES;
				CLANG_ENABLE_OBJC_ARC = YES;
				CLANG_ENABLE_OBJC_WEAK = YES;
				CLANG_WARN_BLOCK_CAPTURE_AUTORELEASING = YES;
				CLANG_WARN_BOOL_CONVERSION = YES;
				CLANG_WARN_COMMA = YES;
				CLANG_WARN_CONSTANT_CONVERSION = YES;
				CLANG_WARN_DEPRECATED_OBJC_IMPLEMENTATIONS = YES;
				CLANG_WARN_DIRECT_OBJC_ISA_USAGE = YES_ERROR;
				CLANG_WARN_DOCUMENTATION_COMMENTS = YES;
				CLANG_WARN_EMPTY_BODY = YES;
				CLANG_WARN_ENUM_CONVERSION = YES;
				CLANG_WARN_INFINITE_RECURSION = YES;
				CLANG_WARN_INT_CONVERSION = YES;
				CLANG_WARN_NON_LITERAL_NULL_CONVERSION = YES;
				CLANG_WARN_OBJC_IMPLICIT_RETAIN_SELF = YES;
				CLANG_WARN_OBJC_LITERAL_CONVERSION = YES;
				CLANG_WARN_OBJC_ROOT_CLASS = YES_ERROR;
				CLANG_WARN_QUOTED_INCLUDE_IN_FRAMEWORK_HEADER = YES;
				CLANG_WARN_RANGE_LOOP_ANALYSIS = YES;
				CLANG_WARN_STRICT_PROTOTYPES = YES;
				CLANG_WARN_SUSPICIOUS_MOVE = YES;
				CLANG_WARN_UNGUARDED_AVAILABILITY = YES_AGGRESSIVE;
				CLANG_WARN_UNREACHABLE_CODE = YES;
				CLANG_WARN__DUPLICATE_METHOD_MATCH = YES;
				COPY_PHASE_STRIP = NO;
				DEBUG_INFORMATION_FORMAT = "dwarf-with-dsym";
				ENABLE_NS_ASSERTIONS = NO;
				ENABLE_STRICT_OBJC_MSGSEND = YES;
				GCC_C_LANGUAGE_STANDARD = gnu11;
				GCC_NO_COMMON_BLOCKS = YES;
				GCC_WARN_64_TO_32_BIT_CONVERSION = YES;
				GCC_WARN_ABOUT_RETURN_TYPE = YES_ERROR;
				GCC_WARN_UNDECLARED_SELECTOR = YES;
				GCC_WARN_UNINITIALIZED_AUTOS = YES_AGGRESSIVE;
				GCC_WARN_UNUSED_FUNCTION = YES;
				GCC_WARN_UNUSED_VARIABLE = YES;
				IPHONEOS_DEPLOYMENT_TARGET = 16.2;
				MTL_ENABLE_DEBUG_INFO = NO;
				MTL_FAST_MATH = YES;
				SDKROOT = iphoneos;
				SWIFT_COMPILATION_MODE = wholemodule;
				SWIFT_OPTIMIZATION_LEVEL = "-O";
				VALIDATE_PRODUCT = YES;
			};
			name = Release;
		};
		B0A430F02B84685C00D19076 /* Debug */ = {
			isa = XCBuildConfiguration;
			buildSettings = {
				ASSETCATALOG_COMPILER_APPICON_NAME = AppIcon;
				ASSETCATALOG_COMPILER_GLOBAL_ACCENT_COLOR_NAME = AccentColor;
				CODE_SIGN_STYLE = Automatic;
				CURRENT_PROJECT_VERSION = 1;
				GENERATE_INFOPLIST_FILE = YES;
				INFOPLIST_FILE = KTV/Info.plist;
				INFOPLIST_KEY_UIApplicationSupportsIndirectInputEvents = YES;
				INFOPLIST_KEY_UILaunchStoryboardName = LaunchScreen;
				INFOPLIST_KEY_UIMainStoryboardFile = Main;
				INFOPLIST_KEY_UISupportedInterfaceOrientations_iPad = "UIInterfaceOrientationPortrait UIInterfaceOrientationPortraitUpsideDown UIInterfaceOrientationLandscapeLeft UIInterfaceOrientationLandscapeRight";
				INFOPLIST_KEY_UISupportedInterfaceOrientations_iPhone = "UIInterfaceOrientationPortrait UIInterfaceOrientationLandscapeLeft UIInterfaceOrientationLandscapeRight";
				LD_RUNPATH_SEARCH_PATHS = (
					"$(inherited)",
					"@executable_path/Frameworks",
				);
				MARKETING_VERSION = 1.0;
				PRODUCT_BUNDLE_IDENTIFIER = zero.KTV;
				PRODUCT_NAME = "$(TARGET_NAME)";
				SWIFT_EMIT_LOC_STRINGS = YES;
				SWIFT_VERSION = 5.0;
				TARGETED_DEVICE_FAMILY = "1,2";
			};
			name = Debug;
		};
		B0A430F12B84685C00D19076 /* Release */ = {
			isa = XCBuildConfiguration;
			buildSettings = {
				ASSETCATALOG_COMPILER_APPICON_NAME = AppIcon;
				ASSETCATALOG_COMPILER_GLOBAL_ACCENT_COLOR_NAME = AccentColor;
				CODE_SIGN_STYLE = Automatic;
				CURRENT_PROJECT_VERSION = 1;
				GENERATE_INFOPLIST_FILE = YES;
				INFOPLIST_FILE = KTV/Info.plist;
				INFOPLIST_KEY_UIApplicationSupportsIndirectInputEvents = YES;
				INFOPLIST_KEY_UILaunchStoryboardName = LaunchScreen;
				INFOPLIST_KEY_UIMainStoryboardFile = Main;
				INFOPLIST_KEY_UISupportedInterfaceOrientations_iPad = "UIInterfaceOrientationPortrait UIInterfaceOrientationPortraitUpsideDown UIInterfaceOrientationLandscapeLeft UIInterfaceOrientationLandscapeRight";
				INFOPLIST_KEY_UISupportedInterfaceOrientations_iPhone = "UIInterfaceOrientationPortrait UIInterfaceOrientationLandscapeLeft UIInterfaceOrientationLandscapeRight";
				LD_RUNPATH_SEARCH_PATHS = (
					"$(inherited)",
					"@executable_path/Frameworks",
				);
				MARKETING_VERSION = 1.0;
				PRODUCT_BUNDLE_IDENTIFIER = zero.KTV;
				PRODUCT_NAME = "$(TARGET_NAME)";
				SWIFT_EMIT_LOC_STRINGS = YES;
				SWIFT_VERSION = 5.0;
				TARGETED_DEVICE_FAMILY = "1,2";
			};
			name = Release;
		};
		B0A430F32B84685C00D19076 /* Debug */ = {
			isa = XCBuildConfiguration;
			buildSettings = {
				ALWAYS_EMBED_SWIFT_STANDARD_LIBRARIES = YES;
				BUNDLE_LOADER = "$(TEST_HOST)";
				CODE_SIGN_STYLE = Automatic;
				CURRENT_PROJECT_VERSION = 1;
				GENERATE_INFOPLIST_FILE = YES;
				IPHONEOS_DEPLOYMENT_TARGET = 16.2;
				MARKETING_VERSION = 1.0;
				PRODUCT_BUNDLE_IDENTIFIER = zero.KTVTests;
				PRODUCT_NAME = "$(TARGET_NAME)";
				SWIFT_EMIT_LOC_STRINGS = NO;
				SWIFT_VERSION = 5.0;
				TARGETED_DEVICE_FAMILY = "1,2";
				TEST_HOST = "$(BUILT_PRODUCTS_DIR)/KTV.app/$(BUNDLE_EXECUTABLE_FOLDER_PATH)/KTV";
			};
			name = Debug;
		};
		B0A430F42B84685C00D19076 /* Release */ = {
			isa = XCBuildConfiguration;
			buildSettings = {
				ALWAYS_EMBED_SWIFT_STANDARD_LIBRARIES = YES;
				BUNDLE_LOADER = "$(TEST_HOST)";
				CODE_SIGN_STYLE = Automatic;
				CURRENT_PROJECT_VERSION = 1;
				GENERATE_INFOPLIST_FILE = YES;
				IPHONEOS_DEPLOYMENT_TARGET = 16.2;
				MARKETING_VERSION = 1.0;
				PRODUCT_BUNDLE_IDENTIFIER = zero.KTVTests;
				PRODUCT_NAME = "$(TARGET_NAME)";
				SWIFT_EMIT_LOC_STRINGS = NO;
				SWIFT_VERSION = 5.0;
				TARGETED_DEVICE_FAMILY = "1,2";
				TEST_HOST = "$(BUILT_PRODUCTS_DIR)/KTV.app/$(BUNDLE_EXECUTABLE_FOLDER_PATH)/KTV";
			};
			name = Release;
		};
		B0A430F62B84685C00D19076 /* Debug */ = {
			isa = XCBuildConfiguration;
			buildSettings = {
				ALWAYS_EMBED_SWIFT_STANDARD_LIBRARIES = YES;
				CODE_SIGN_STYLE = Automatic;
				CURRENT_PROJECT_VERSION = 1;
				GENERATE_INFOPLIST_FILE = YES;
				MARKETING_VERSION = 1.0;
				PRODUCT_BUNDLE_IDENTIFIER = zero.KTVUITests;
				PRODUCT_NAME = "$(TARGET_NAME)";
				SWIFT_EMIT_LOC_STRINGS = NO;
				SWIFT_VERSION = 5.0;
				TARGETED_DEVICE_FAMILY = "1,2";
				TEST_TARGET_NAME = KTV;
			};
			name = Debug;
		};
		B0A430F72B84685C00D19076 /* Release */ = {
			isa = XCBuildConfiguration;
			buildSettings = {
				ALWAYS_EMBED_SWIFT_STANDARD_LIBRARIES = YES;
				CODE_SIGN_STYLE = Automatic;
				CURRENT_PROJECT_VERSION = 1;
				GENERATE_INFOPLIST_FILE = YES;
				MARKETING_VERSION = 1.0;
				PRODUCT_BUNDLE_IDENTIFIER = zero.KTVUITests;
				PRODUCT_NAME = "$(TARGET_NAME)";
				SWIFT_EMIT_LOC_STRINGS = NO;
				SWIFT_VERSION = 5.0;
				TARGETED_DEVICE_FAMILY = "1,2";
				TEST_TARGET_NAME = KTV;
			};
			name = Release;
		};
/* End XCBuildConfiguration section */

/* Begin XCConfigurationList section */
		B0A430C02B84685A00D19076 /* Build configuration list for PBXProject "KTV" */ = {
			isa = XCConfigurationList;
			buildConfigurations = (
				B0A430ED2B84685C00D19076 /* Debug */,
				B0A430EE2B84685C00D19076 /* Release */,
			);
			defaultConfigurationIsVisible = 0;
			defaultConfigurationName = Release;
		};
		B0A430EF2B84685C00D19076 /* Build configuration list for PBXNativeTarget "KTV" */ = {
			isa = XCConfigurationList;
			buildConfigurations = (
				B0A430F02B84685C00D19076 /* Debug */,
				B0A430F12B84685C00D19076 /* Release */,
			);
			defaultConfigurationIsVisible = 0;
			defaultConfigurationName = Release;
		};
		B0A430F22B84685C00D19076 /* Build configuration list for PBXNativeTarget "KTVTests" */ = {
			isa = XCConfigurationList;
			buildConfigurations = (
				B0A430F32B84685C00D19076 /* Debug */,
				B0A430F42B84685C00D19076 /* Release */,
			);
			defaultConfigurationIsVisible = 0;
			defaultConfigurationName = Release;
		};
		B0A430F52B84685C00D19076 /* Build configuration list for PBXNativeTarget "KTVUITests" */ = {
			isa = XCConfigurationList;
			buildConfigurations = (
				B0A430F62B84685C00D19076 /* Debug */,
				B0A430F72B84685C00D19076 /* Release */,
			);
			defaultConfigurationIsVisible = 0;
			defaultConfigurationName = Release;
		};
/* End XCConfigurationList section */
	};
	rootObject = B0A430BD2B84685A00D19076 /* Project object */;
}
