// !$*UTF8*$!
{
	archiveVersion = 1;
	classes = {
	};
	objectVersion = 56;
	objects = {

/* Begin PBXBuildFile section */
		B07796512B7F540200A9DD56 /* AppDelegate.swift in Sources */ = {isa = PBXBuildFile; fileRef = B07796502B7F540200A9DD56 /* AppDelegate.swift */; };
		B07796532B7F540200A9DD56 /* SceneDelegate.swift in Sources */ = {isa = PBXBuildFile; fileRef = B07796522B7F540200A9DD56 /* SceneDelegate.swift */; };
		B07796552B7F540200A9DD56 /* ViewController.swift in Sources */ = {isa = PBXBuildFile; fileRef = B07796542B7F540200A9DD56 /* ViewController.swift */; };
		B07796582B7F540200A9DD56 /* Main.storyboard in Resources */ = {isa = PBXBuildFile; fileRef = B07796562B7F540200A9DD56 /* Main.storyboard */; };
		B077965A2B7F540400A9DD56 /* Assets.xcassets in Resources */ = {isa = PBXBuildFile; fileRef = B07796592B7F540400A9DD56 /* Assets.xcassets */; };
		B077965D2B7F540400A9DD56 /* LaunchScreen.storyboard in Resources */ = {isa = PBXBuildFile; fileRef = B077965B2B7F540400A9DD56 /* LaunchScreen.storyboard */; };
		B07796682B7F540500A9DD56 /* KTVTests.swift in Sources */ = {isa = PBXBuildFile; fileRef = B07796672B7F540500A9DD56 /* KTVTests.swift */; };
		B07796722B7F540500A9DD56 /* KTVUITests.swift in Sources */ = {isa = PBXBuildFile; fileRef = B07796712B7F540500A9DD56 /* KTVUITests.swift */; };
		B07796742B7F540500A9DD56 /* KTVUITestsLaunchTests.swift in Sources */ = {isa = PBXBuildFile; fileRef = B07796732B7F540500A9DD56 /* KTVUITestsLaunchTests.swift */; };
/* End PBXBuildFile section */

/* Begin PBXContainerItemProxy section */
		B07796642B7F540500A9DD56 /* PBXContainerItemProxy */ = {
			isa = PBXContainerItemProxy;
			containerPortal = B07796452B7F540200A9DD56 /* Project object */;
			proxyType = 1;
			remoteGlobalIDString = B077964C2B7F540200A9DD56;
			remoteInfo = KTV;
		};
		B077966E2B7F540500A9DD56 /* PBXContainerItemProxy */ = {
			isa = PBXContainerItemProxy;
			containerPortal = B07796452B7F540200A9DD56 /* Project object */;
			proxyType = 1;
			remoteGlobalIDString = B077964C2B7F540200A9DD56;
			remoteInfo = KTV;
		};
/* End PBXContainerItemProxy section */

/* Begin PBXFileReference section */
		B077964D2B7F540200A9DD56 /* KTV.app */ = {isa = PBXFileReference; explicitFileType = wrapper.application; includeInIndex = 0; path = KTV.app; sourceTree = BUILT_PRODUCTS_DIR; };
		B07796502B7F540200A9DD56 /* AppDelegate.swift */ = {isa = PBXFileReference; lastKnownFileType = sourcecode.swift; path = AppDelegate.swift; sourceTree = "<group>"; };
		B07796522B7F540200A9DD56 /* SceneDelegate.swift */ = {isa = PBXFileReference; lastKnownFileType = sourcecode.swift; path = SceneDelegate.swift; sourceTree = "<group>"; };
		B07796542B7F540200A9DD56 /* ViewController.swift */ = {isa = PBXFileReference; lastKnownFileType = sourcecode.swift; path = ViewController.swift; sourceTree = "<group>"; };
		B07796572B7F540200A9DD56 /* Base */ = {isa = PBXFileReference; lastKnownFileType = file.storyboard; name = Base; path = Base.lproj/Main.storyboard; sourceTree = "<group>"; };
		B07796592B7F540400A9DD56 /* Assets.xcassets */ = {isa = PBXFileReference; lastKnownFileType = folder.assetcatalog; path = Assets.xcassets; sourceTree = "<group>"; };
		B077965C2B7F540400A9DD56 /* Base */ = {isa = PBXFileReference; lastKnownFileType = file.storyboard; name = Base; path = Base.lproj/LaunchScreen.storyboard; sourceTree = "<group>"; };
		B077965E2B7F540400A9DD56 /* Info.plist */ = {isa = PBXFileReference; lastKnownFileType = text.plist.xml; path = Info.plist; sourceTree = "<group>"; };
		B07796632B7F540500A9DD56 /* KTVTests.xctest */ = {isa = PBXFileReference; explicitFileType = wrapper.cfbundle; includeInIndex = 0; path = KTVTests.xctest; sourceTree = BUILT_PRODUCTS_DIR; };
		B07796672B7F540500A9DD56 /* KTVTests.swift */ = {isa = PBXFileReference; lastKnownFileType = sourcecode.swift; path = KTVTests.swift; sourceTree = "<group>"; };
		B077966D2B7F540500A9DD56 /* KTVUITests.xctest */ = {isa = PBXFileReference; explicitFileType = wrapper.cfbundle; includeInIndex = 0; path = KTVUITests.xctest; sourceTree = BUILT_PRODUCTS_DIR; };
		B07796712B7F540500A9DD56 /* KTVUITests.swift */ = {isa = PBXFileReference; lastKnownFileType = sourcecode.swift; path = KTVUITests.swift; sourceTree = "<group>"; };
		B07796732B7F540500A9DD56 /* KTVUITestsLaunchTests.swift */ = {isa = PBXFileReference; lastKnownFileType = sourcecode.swift; path = KTVUITestsLaunchTests.swift; sourceTree = "<group>"; };
/* End PBXFileReference section */

/* Begin PBXFrameworksBuildPhase section */
		B077964A2B7F540200A9DD56 /* Frameworks */ = {
			isa = PBXFrameworksBuildPhase;
			buildActionMask = 2147483647;
			files = (
			);
			runOnlyForDeploymentPostprocessing = 0;
		};
		B07796602B7F540500A9DD56 /* Frameworks */ = {
			isa = PBXFrameworksBuildPhase;
			buildActionMask = 2147483647;
			files = (
			);
			runOnlyForDeploymentPostprocessing = 0;
		};
		B077966A2B7F540500A9DD56 /* Frameworks */ = {
			isa = PBXFrameworksBuildPhase;
			buildActionMask = 2147483647;
			files = (
			);
			runOnlyForDeploymentPostprocessing = 0;
		};
/* End PBXFrameworksBuildPhase section */

/* Begin PBXGroup section */
		B07796442B7F540200A9DD56 = {
			isa = PBXGroup;
			children = (
				B077964F2B7F540200A9DD56 /* KTV */,
				B07796662B7F540500A9DD56 /* KTVTests */,
				B07796702B7F540500A9DD56 /* KTVUITests */,
				B077964E2B7F540200A9DD56 /* Products */,
			);
			sourceTree = "<group>";
		};
		B077964E2B7F540200A9DD56 /* Products */ = {
			isa = PBXGroup;
			children = (
				B077964D2B7F540200A9DD56 /* KTV.app */,
				B07796632B7F540500A9DD56 /* KTVTests.xctest */,
				B077966D2B7F540500A9DD56 /* KTVUITests.xctest */,
			);
			name = Products;
			sourceTree = "<group>";
		};
		B077964F2B7F540200A9DD56 /* KTV */ = {
			isa = PBXGroup;
			children = (
				B07796502B7F540200A9DD56 /* AppDelegate.swift */,
				B07796522B7F540200A9DD56 /* SceneDelegate.swift */,
				B07796542B7F540200A9DD56 /* ViewController.swift */,
				B07796562B7F540200A9DD56 /* Main.storyboard */,
				B07796592B7F540400A9DD56 /* Assets.xcassets */,
				B077965B2B7F540400A9DD56 /* LaunchScreen.storyboard */,
				B077965E2B7F540400A9DD56 /* Info.plist */,
			);
			path = KTV;
			sourceTree = "<group>";
		};
		B07796662B7F540500A9DD56 /* KTVTests */ = {
			isa = PBXGroup;
			children = (
				B07796672B7F540500A9DD56 /* KTVTests.swift */,
			);
			path = KTVTests;
			sourceTree = "<group>";
		};
		B07796702B7F540500A9DD56 /* KTVUITests */ = {
			isa = PBXGroup;
			children = (
				B07796712B7F540500A9DD56 /* KTVUITests.swift */,
				B07796732B7F540500A9DD56 /* KTVUITestsLaunchTests.swift */,
			);
			path = KTVUITests;
			sourceTree = "<group>";
		};
/* End PBXGroup section */

/* Begin PBXNativeTarget section */
		B077964C2B7F540200A9DD56 /* KTV */ = {
			isa = PBXNativeTarget;
			buildConfigurationList = B07796772B7F540500A9DD56 /* Build configuration list for PBXNativeTarget "KTV" */;
			buildPhases = (
				B07796492B7F540200A9DD56 /* Sources */,
				B077964A2B7F540200A9DD56 /* Frameworks */,
				B077964B2B7F540200A9DD56 /* Resources */,
			);
			buildRules = (
			);
			dependencies = (
			);
			name = KTV;
			productName = KTV;
			productReference = B077964D2B7F540200A9DD56 /* KTV.app */;
			productType = "com.apple.product-type.application";
		};
		B07796622B7F540500A9DD56 /* KTVTests */ = {
			isa = PBXNativeTarget;
			buildConfigurationList = B077967A2B7F540500A9DD56 /* Build configuration list for PBXNativeTarget "KTVTests" */;
			buildPhases = (
				B077965F2B7F540500A9DD56 /* Sources */,
				B07796602B7F540500A9DD56 /* Frameworks */,
				B07796612B7F540500A9DD56 /* Resources */,
			);
			buildRules = (
			);
			dependencies = (
				B07796652B7F540500A9DD56 /* PBXTargetDependency */,
			);
			name = KTVTests;
			productName = KTVTests;
			productReference = B07796632B7F540500A9DD56 /* KTVTests.xctest */;
			productType = "com.apple.product-type.bundle.unit-test";
		};
		B077966C2B7F540500A9DD56 /* KTVUITests */ = {
			isa = PBXNativeTarget;
			buildConfigurationList = B077967D2B7F540500A9DD56 /* Build configuration list for PBXNativeTarget "KTVUITests" */;
			buildPhases = (
				B07796692B7F540500A9DD56 /* Sources */,
				B077966A2B7F540500A9DD56 /* Frameworks */,
				B077966B2B7F540500A9DD56 /* Resources */,
			);
			buildRules = (
			);
			dependencies = (
				B077966F2B7F540500A9DD56 /* PBXTargetDependency */,
			);
			name = KTVUITests;
			productName = KTVUITests;
			productReference = B077966D2B7F540500A9DD56 /* KTVUITests.xctest */;
			productType = "com.apple.product-type.bundle.ui-testing";
		};
/* End PBXNativeTarget section */

/* Begin PBXProject section */
		B07796452B7F540200A9DD56 /* Project object */ = {
			isa = PBXProject;
			attributes = {
				BuildIndependentTargetsInParallel = 1;
				LastSwiftUpdateCheck = 1420;
				LastUpgradeCheck = 1420;
				TargetAttributes = {
					B077964C2B7F540200A9DD56 = {
						CreatedOnToolsVersion = 14.2;
					};
					B07796622B7F540500A9DD56 = {
						CreatedOnToolsVersion = 14.2;
						TestTargetID = B077964C2B7F540200A9DD56;
					};
					B077966C2B7F540500A9DD56 = {
						CreatedOnToolsVersion = 14.2;
						TestTargetID = B077964C2B7F540200A9DD56;
					};
				};
			};
			buildConfigurationList = B07796482B7F540200A9DD56 /* Build configuration list for PBXProject "KTV" */;
			compatibilityVersion = "Xcode 14.0";
			developmentRegion = en;
			hasScannedForEncodings = 0;
			knownRegions = (
				en,
				Base,
			);
			mainGroup = B07796442B7F540200A9DD56;
			productRefGroup = B077964E2B7F540200A9DD56 /* Products */;
			projectDirPath = "";
			projectRoot = "";
			targets = (
				B077964C2B7F540200A9DD56 /* KTV */,
				B07796622B7F540500A9DD56 /* KTVTests */,
				B077966C2B7F540500A9DD56 /* KTVUITests */,
			);
		};
/* End PBXProject section */

/* Begin PBXResourcesBuildPhase section */
		B077964B2B7F540200A9DD56 /* Resources */ = {
			isa = PBXResourcesBuildPhase;
			buildActionMask = 2147483647;
			files = (
				B077965D2B7F540400A9DD56 /* LaunchScreen.storyboard in Resources */,
				B077965A2B7F540400A9DD56 /* Assets.xcassets in Resources */,
				B07796582B7F540200A9DD56 /* Main.storyboard in Resources */,
			);
			runOnlyForDeploymentPostprocessing = 0;
		};
		B07796612B7F540500A9DD56 /* Resources */ = {
			isa = PBXResourcesBuildPhase;
			buildActionMask = 2147483647;
			files = (
			);
			runOnlyForDeploymentPostprocessing = 0;
		};
		B077966B2B7F540500A9DD56 /* Resources */ = {
			isa = PBXResourcesBuildPhase;
			buildActionMask = 2147483647;
			files = (
			);
			runOnlyForDeploymentPostprocessing = 0;
		};
/* End PBXResourcesBuildPhase section */

/* Begin PBXSourcesBuildPhase section */
		B07796492B7F540200A9DD56 /* Sources */ = {
			isa = PBXSourcesBuildPhase;
			buildActionMask = 2147483647;
			files = (
				B07796552B7F540200A9DD56 /* ViewController.swift in Sources */,
				B07796512B7F540200A9DD56 /* AppDelegate.swift in Sources */,
				B07796532B7F540200A9DD56 /* SceneDelegate.swift in Sources */,
			);
			runOnlyForDeploymentPostprocessing = 0;
		};
		B077965F2B7F540500A9DD56 /* Sources */ = {
			isa = PBXSourcesBuildPhase;
			buildActionMask = 2147483647;
			files = (
				B07796682B7F540500A9DD56 /* KTVTests.swift in Sources */,
			);
			runOnlyForDeploymentPostprocessing = 0;
		};
		B07796692B7F540500A9DD56 /* Sources */ = {
			isa = PBXSourcesBuildPhase;
			buildActionMask = 2147483647;
			files = (
				B07796742B7F540500A9DD56 /* KTVUITestsLaunchTests.swift in Sources */,
				B07796722B7F540500A9DD56 /* KTVUITests.swift in Sources */,
			);
			runOnlyForDeploymentPostprocessing = 0;
		};
/* End PBXSourcesBuildPhase section */

/* Begin PBXTargetDependency section */
		B07796652B7F540500A9DD56 /* PBXTargetDependency */ = {
			isa = PBXTargetDependency;
			target = B077964C2B7F540200A9DD56 /* KTV */;
			targetProxy = B07796642B7F540500A9DD56 /* PBXContainerItemProxy */;
		};
		B077966F2B7F540500A9DD56 /* PBXTargetDependency */ = {
			isa = PBXTargetDependency;
			target = B077964C2B7F540200A9DD56 /* KTV */;
			targetProxy = B077966E2B7F540500A9DD56 /* PBXContainerItemProxy */;
		};
/* End PBXTargetDependency section */

/* Begin PBXVariantGroup section */
		B07796562B7F540200A9DD56 /* Main.storyboard */ = {
			isa = PBXVariantGroup;
			children = (
				B07796572B7F540200A9DD56 /* Base */,
			);
			name = Main.storyboard;
			sourceTree = "<group>";
		};
		B077965B2B7F540400A9DD56 /* LaunchScreen.storyboard */ = {
			isa = PBXVariantGroup;
			children = (
				B077965C2B7F540400A9DD56 /* Base */,
			);
			name = LaunchScreen.storyboard;
			sourceTree = "<group>";
		};
/* End PBXVariantGroup section */

/* Begin XCBuildConfiguration section */
		B07796752B7F540500A9DD56 /* Debug */ = {
			isa = XCBuildConfiguration;
			buildSettings = {
				ALWAYS_SEARCH_USER_PATHS = NO;
				CLANG_ANALYZER_NONNULL = YES;
				CLANG_ANALYZER_NUMBER_OBJECT_CONVERSION = YES_AGGRESSIVE;
				CLANG_CXX_LANGUAGE_STANDARD = "gnu++20";
				CLANG_ENABLE_MODULES = YES;
				CLANG_ENABLE_OBJC_ARC = YES;
				CLANG_ENABLE_OBJC_WEAK = YES;
				CLANG_WARN_BLOCK_CAPTURE_AUTORELEASING = YES;
				CLANG_WARN_BOOL_CONVERSION = YES;
				CLANG_WARN_COMMA = YES;
				CLANG_WARN_CONSTANT_CONVERSION = YES;
				CLANG_WARN_DEPRECATED_OBJC_IMPLEMENTATIONS = YES;
				CLANG_WARN_DIRECT_OBJC_ISA_USAGE = YES_ERROR;
				CLANG_WARN_DOCUMENTATION_COMMENTS = YES;
				CLANG_WARN_EMPTY_BODY = YES;
				CLANG_WARN_ENUM_CONVERSION = YES;
				CLANG_WARN_INFINITE_RECURSION = YES;
				CLANG_WARN_INT_CONVERSION = YES;
				CLANG_WARN_NON_LITERAL_NULL_CONVERSION = YES;
				CLANG_WARN_OBJC_IMPLICIT_RETAIN_SELF = YES;
				CLANG_WARN_OBJC_LITERAL_CONVERSION = YES;
				CLANG_WARN_OBJC_ROOT_CLASS = YES_ERROR;
				CLANG_WARN_QUOTED_INCLUDE_IN_FRAMEWORK_HEADER = YES;
				CLANG_WARN_RANGE_LOOP_ANALYSIS = YES;
				CLANG_WARN_STRICT_PROTOTYPES = YES;
				CLANG_WARN_SUSPICIOUS_MOVE = YES;
				CLANG_WARN_UNGUARDED_AVAILABILITY = YES_AGGRESSIVE;
				CLANG_WARN_UNREACHABLE_CODE = YES;
				CLANG_WARN__DUPLICATE_METHOD_MATCH = YES;
				COPY_PHASE_STRIP = NO;
				DEBUG_INFORMATION_FORMAT = dwarf;
				ENABLE_STRICT_OBJC_MSGSEND = YES;
				ENABLE_TESTABILITY = YES;
				GCC_C_LANGUAGE_STANDARD = gnu11;
				GCC_DYNAMIC_NO_PIC = NO;
				GCC_NO_COMMON_BLOCKS = YES;
				GCC_OPTIMIZATION_LEVEL = 0;
				GCC_PREPROCESSOR_DEFINITIONS = (
					"DEBUG=1",
					"$(inherited)",
				);
				GCC_WARN_64_TO_32_BIT_CONVERSION = YES;
				GCC_WARN_ABOUT_RETURN_TYPE = YES_ERROR;
				GCC_WARN_UNDECLARED_SELECTOR = YES;
				GCC_WARN_UNINITIALIZED_AUTOS = YES_AGGRESSIVE;
				GCC_WARN_UNUSED_FUNCTION = YES;
				GCC_WARN_UNUSED_VARIABLE = YES;
				IPHONEOS_DEPLOYMENT_TARGET = 16.2;
				MTL_ENABLE_DEBUG_INFO = INCLUDE_SOURCE;
				MTL_FAST_MATH = YES;
				ONLY_ACTIVE_ARCH = YES;
				SDKROOT = iphoneos;
				SWIFT_ACTIVE_COMPILATION_CONDITIONS = DEBUG;
				SWIFT_OPTIMIZATION_LEVEL = "-Onone";
			};
			name = Debug;
		};
		B07796762B7F540500A9DD56 /* Release */ = {
			isa = XCBuildConfiguration;
			buildSettings = {
				ALWAYS_SEARCH_USER_PATHS = NO;
				CLANG_ANALYZER_NONNULL = YES;
				CLANG_ANALYZER_NUMBER_OBJECT_CONVERSION = YES_AGGRESSIVE;
				CLANG_CXX_LANGUAGE_STANDARD = "gnu++20";
				CLANG_ENABLE_MODULES = YES;
				CLANG_ENABLE_OBJC_ARC = YES;
				CLANG_ENABLE_OBJC_WEAK = YES;
				CLANG_WARN_BLOCK_CAPTURE_AUTORELEASING = YES;
				CLANG_WARN_BOOL_CONVERSION = YES;
				CLANG_WARN_COMMA = YES;
				CLANG_WARN_CONSTANT_CONVERSION = YES;
				CLANG_WARN_DEPRECATED_OBJC_IMPLEMENTATIONS = YES;
				CLANG_WARN_DIRECT_OBJC_ISA_USAGE = YES_ERROR;
				CLANG_WARN_DOCUMENTATION_COMMENTS = YES;
				CLANG_WARN_EMPTY_BODY = YES;
				CLANG_WARN_ENUM_CONVERSION = YES;
				CLANG_WARN_INFINITE_RECURSION = YES;
				CLANG_WARN_INT_CONVERSION = YES;
				CLANG_WARN_NON_LITERAL_NULL_CONVERSION = YES;
				CLANG_WARN_OBJC_IMPLICIT_RETAIN_SELF = YES;
				CLANG_WARN_OBJC_LITERAL_CONVERSION = YES;
				CLANG_WARN_OBJC_ROOT_CLASS = YES_ERROR;
				CLANG_WARN_QUOTED_INCLUDE_IN_FRAMEWORK_HEADER = YES;
				CLANG_WARN_RANGE_LOOP_ANALYSIS = YES;
				CLANG_WARN_STRICT_PROTOTYPES = YES;
				CLANG_WARN_SUSPICIOUS_MOVE = YES;
				CLANG_WARN_UNGUARDED_AVAILABILITY = YES_AGGRESSIVE;
				CLANG_WARN_UNREACHABLE_CODE = YES;
				CLANG_WARN__DUPLICATE_METHOD_MATCH = YES;
				COPY_PHASE_STRIP = NO;
				DEBUG_INFORMATION_FORMAT = "dwarf-with-dsym";
				ENABLE_NS_ASSERTIONS = NO;
				ENABLE_STRICT_OBJC_MSGSEND = YES;
				GCC_C_LANGUAGE_STANDARD = gnu11;
				GCC_NO_COMMON_BLOCKS = YES;
				GCC_WARN_64_TO_32_BIT_CONVERSION = YES;
				GCC_WARN_ABOUT_RETURN_TYPE = YES_ERROR;
				GCC_WARN_UNDECLARED_SELECTOR = YES;
				GCC_WARN_UNINITIALIZED_AUTOS = YES_AGGRESSIVE;
				GCC_WARN_UNUSED_FUNCTION = YES;
				GCC_WARN_UNUSED_VARIABLE = YES;
				IPHONEOS_DEPLOYMENT_TARGET = 16.2;
				MTL_ENABLE_DEBUG_INFO = NO;
				MTL_FAST_MATH = YES;
				SDKROOT = iphoneos;
				SWIFT_COMPILATION_MODE = wholemodule;
				SWIFT_OPTIMIZATION_LEVEL = "-O";
				VALIDATE_PRODUCT = YES;
			};
			name = Release;
		};
		B07796782B7F540500A9DD56 /* Debug */ = {
			isa = XCBuildConfiguration;
			buildSettings = {
				ASSETCATALOG_COMPILER_APPICON_NAME = AppIcon;
				ASSETCATALOG_COMPILER_GLOBAL_ACCENT_COLOR_NAME = AccentColor;
				CODE_SIGN_STYLE = Automatic;
				CURRENT_PROJECT_VERSION = 1;
				GENERATE_INFOPLIST_FILE = YES;
				INFOPLIST_FILE = KTV/Info.plist;
				INFOPLIST_KEY_UIApplicationSupportsIndirectInputEvents = YES;
				INFOPLIST_KEY_UILaunchStoryboardName = LaunchScreen;
				INFOPLIST_KEY_UIMainStoryboardFile = Main;
				INFOPLIST_KEY_UISupportedInterfaceOrientations_iPad = "UIInterfaceOrientationPortrait UIInterfaceOrientationPortraitUpsideDown UIInterfaceOrientationLandscapeLeft UIInterfaceOrientationLandscapeRight";
				INFOPLIST_KEY_UISupportedInterfaceOrientations_iPhone = "UIInterfaceOrientationPortrait UIInterfaceOrientationLandscapeLeft UIInterfaceOrientationLandscapeRight";
				IPHONEOS_DEPLOYMENT_TARGET = 15.0;
				LD_RUNPATH_SEARCH_PATHS = (
					"$(inherited)",
					"@executable_path/Frameworks",
				);
				MARKETING_VERSION = 1.0;
				PRODUCT_BUNDLE_IDENTIFIER = zero.KTV;
				PRODUCT_NAME = "$(TARGET_NAME)";
				SWIFT_EMIT_LOC_STRINGS = YES;
				SWIFT_VERSION = 5.0;
				TARGETED_DEVICE_FAMILY = "1,2";
			};
			name = Debug;
		};
		B07796792B7F540500A9DD56 /* Release */ = {
			isa = XCBuildConfiguration;
			buildSettings = {
				ASSETCATALOG_COMPILER_APPICON_NAME = AppIcon;
				ASSETCATALOG_COMPILER_GLOBAL_ACCENT_COLOR_NAME = AccentColor;
				CODE_SIGN_STYLE = Automatic;
				CURRENT_PROJECT_VERSION = 1;
				GENERATE_INFOPLIST_FILE = YES;
				INFOPLIST_FILE = KTV/Info.plist;
				INFOPLIST_KEY_UIApplicationSupportsIndirectInputEvents = YES;
				INFOPLIST_KEY_UILaunchStoryboardName = LaunchScreen;
				INFOPLIST_KEY_UIMainStoryboardFile = Main;
				INFOPLIST_KEY_UISupportedInterfaceOrientations_iPad = "UIInterfaceOrientationPortrait UIInterfaceOrientationPortraitUpsideDown UIInterfaceOrientationLandscapeLeft UIInterfaceOrientationLandscapeRight";
				INFOPLIST_KEY_UISupportedInterfaceOrientations_iPhone = "UIInterfaceOrientationPortrait UIInterfaceOrientationLandscapeLeft UIInterfaceOrientationLandscapeRight";
				IPHONEOS_DEPLOYMENT_TARGET = 15.0;
				LD_RUNPATH_SEARCH_PATHS = (
					"$(inherited)",
					"@executable_path/Frameworks",
				);
				MARKETING_VERSION = 1.0;
				PRODUCT_BUNDLE_IDENTIFIER = zero.KTV;
				PRODUCT_NAME = "$(TARGET_NAME)";
				SWIFT_EMIT_LOC_STRINGS = YES;
				SWIFT_VERSION = 5.0;
				TARGETED_DEVICE_FAMILY = "1,2";
			};
			name = Release;
		};
		B077967B2B7F540500A9DD56 /* Debug */ = {
			isa = XCBuildConfiguration;
			buildSettings = {
				ALWAYS_EMBED_SWIFT_STANDARD_LIBRARIES = YES;
				BUNDLE_LOADER = "$(TEST_HOST)";
				CODE_SIGN_STYLE = Automatic;
				CURRENT_PROJECT_VERSION = 1;
				GENERATE_INFOPLIST_FILE = YES;
				IPHONEOS_DEPLOYMENT_TARGET = 16.2;
				MARKETING_VERSION = 1.0;
				PRODUCT_BUNDLE_IDENTIFIER = zero.KTVTests;
				PRODUCT_NAME = "$(TARGET_NAME)";
				SWIFT_EMIT_LOC_STRINGS = NO;
				SWIFT_VERSION = 5.0;
				TARGETED_DEVICE_FAMILY = "1,2";
				TEST_HOST = "$(BUILT_PRODUCTS_DIR)/KTV.app/$(BUNDLE_EXECUTABLE_FOLDER_PATH)/KTV";
			};
			name = Debug;
		};
		B077967C2B7F540500A9DD56 /* Release */ = {
			isa = XCBuildConfiguration;
			buildSettings = {
				ALWAYS_EMBED_SWIFT_STANDARD_LIBRARIES = YES;
				BUNDLE_LOADER = "$(TEST_HOST)";
				CODE_SIGN_STYLE = Automatic;
				CURRENT_PROJECT_VERSION = 1;
				GENERATE_INFOPLIST_FILE = YES;
				IPHONEOS_DEPLOYMENT_TARGET = 16.2;
				MARKETING_VERSION = 1.0;
				PRODUCT_BUNDLE_IDENTIFIER = zero.KTVTests;
				PRODUCT_NAME = "$(TARGET_NAME)";
				SWIFT_EMIT_LOC_STRINGS = NO;
				SWIFT_VERSION = 5.0;
				TARGETED_DEVICE_FAMILY = "1,2";
				TEST_HOST = "$(BUILT_PRODUCTS_DIR)/KTV.app/$(BUNDLE_EXECUTABLE_FOLDER_PATH)/KTV";
			};
			name = Release;
		};
		B077967E2B7F540500A9DD56 /* Debug */ = {
			isa = XCBuildConfiguration;
			buildSettings = {
				ALWAYS_EMBED_SWIFT_STANDARD_LIBRARIES = YES;
				CODE_SIGN_STYLE = Automatic;
				CURRENT_PROJECT_VERSION = 1;
				GENERATE_INFOPLIST_FILE = YES;
				MARKETING_VERSION = 1.0;
				PRODUCT_BUNDLE_IDENTIFIER = zero.KTVUITests;
				PRODUCT_NAME = "$(TARGET_NAME)";
				SWIFT_EMIT_LOC_STRINGS = NO;
				SWIFT_VERSION = 5.0;
				TARGETED_DEVICE_FAMILY = "1,2";
				TEST_TARGET_NAME = KTV;
			};
			name = Debug;
		};
		B077967F2B7F540500A9DD56 /* Release */ = {
			isa = XCBuildConfiguration;
			buildSettings = {
				ALWAYS_EMBED_SWIFT_STANDARD_LIBRARIES = YES;
				CODE_SIGN_STYLE = Automatic;
				CURRENT_PROJECT_VERSION = 1;
				GENERATE_INFOPLIST_FILE = YES;
				MARKETING_VERSION = 1.0;
				PRODUCT_BUNDLE_IDENTIFIER = zero.KTVUITests;
				PRODUCT_NAME = "$(TARGET_NAME)";
				SWIFT_EMIT_LOC_STRINGS = NO;
				SWIFT_VERSION = 5.0;
				TARGETED_DEVICE_FAMILY = "1,2";
				TEST_TARGET_NAME = KTV;
			};
			name = Release;
		};
/* End XCBuildConfiguration section */

/* Begin XCConfigurationList section */
		B07796482B7F540200A9DD56 /* Build configuration list for PBXProject "KTV" */ = {
			isa = XCConfigurationList;
			buildConfigurations = (
				B07796752B7F540500A9DD56 /* Debug */,
				B07796762B7F540500A9DD56 /* Release */,
			);
			defaultConfigurationIsVisible = 0;
			defaultConfigurationName = Release;
		};
		B07796772B7F540500A9DD56 /* Build configuration list for PBXNativeTarget "KTV" */ = {
			isa = XCConfigurationList;
			buildConfigurations = (
				B07796782B7F540500A9DD56 /* Debug */,
				B07796792B7F540500A9DD56 /* Release */,
			);
			defaultConfigurationIsVisible = 0;
			defaultConfigurationName = Release;
		};
		B077967A2B7F540500A9DD56 /* Build configuration list for PBXNativeTarget "KTVTests" */ = {
			isa = XCConfigurationList;
			buildConfigurations = (
				B077967B2B7F540500A9DD56 /* Debug */,
				B077967C2B7F540500A9DD56 /* Release */,
			);
			defaultConfigurationIsVisible = 0;
			defaultConfigurationName = Release;
		};
		B077967D2B7F540500A9DD56 /* Build configuration list for PBXNativeTarget "KTVUITests" */ = {
			isa = XCConfigurationList;
			buildConfigurations = (
				B077967E2B7F540500A9DD56 /* Debug */,
				B077967F2B7F540500A9DD56 /* Release */,
			);
			defaultConfigurationIsVisible = 0;
			defaultConfigurationName = Release;
		};
/* End XCConfigurationList section */
	};
	rootObject = B07796452B7F540200A9DD56 /* Project object */;
}
