// !$*UTF8*$!
{
	archiveVersion = 1;
	classes = {
	};
	objectVersion = 56;
	objects = {

/* Begin PBXBuildFile section */
		B07795612B5644B600A9DD56 /* WarmUpApp.swift in Sources */ = {isa = PBXBuildFile; fileRef = B07795602B5644B600A9DD56 /* WarmUpApp.swift */; };
		B07795632B5644B600A9DD56 /* ContentView.swift in Sources */ = {isa = PBXBuildFile; fileRef = B07795622B5644B600A9DD56 /* ContentView.swift */; };
		B07795652B5644B800A9DD56 /* Assets.xcassets in Resources */ = {isa = PBXBuildFile; fileRef = B07795642B5644B800A9DD56 /* Assets.xcassets */; };
		B07795682B5644B800A9DD56 /* Preview Assets.xcassets in Resources */ = {isa = PBXBuildFile; fileRef = B07795672B5644B800A9DD56 /* Preview Assets.xcassets */; };
		B077956F2B5647F800A9DD56 /* SimpleView.swift in Sources */ = {isa = PBXBuildFile; fileRef = B077956E2B5647F800A9DD56 /* SimpleView.swift */; };
		B07795712B564B0000A9DD56 /* Layout.swift in Sources */ = {isa = PBXBuildFile; fileRef = B07795702B564B0000A9DD56 /* Layout.swift */; };
		B07795752B564D3400A9DD56 /* MyButton.swift in Sources */ = {isa = PBXBuildFile; fileRef = B07795742B564D3400A9DD56 /* MyButton.swift */; };
		B07795772B564F2600A9DD56 /* MyText.swift in Sources */ = {isa = PBXBuildFile; fileRef = B07795762B564F2600A9DD56 /* MyText.swift */; };
		B07795792B5651AD00A9DD56 /* Onboarding.swift in Sources */ = {isa = PBXBuildFile; fileRef = B07795782B5651AD00A9DD56 /* Onboarding.swift */; };
		B077957C2B5658D700A9DD56 /* ListLoop.swift in Sources */ = {isa = PBXBuildFile; fileRef = B077957B2B5658D700A9DD56 /* ListLoop.swift */; };
		B077957E2B56669900A9DD56 /* Setting.swift in Sources */ = {isa = PBXBuildFile; fileRef = B077957D2B56669900A9DD56 /* Setting.swift */; };
		B07795832B5670B200A9DD56 /* Modal.swift in Sources */ = {isa = PBXBuildFile; fileRef = B07795822B5670B200A9DD56 /* Modal.swift */; };
		B07795852B5671F000A9DD56 /* Detail.swift in Sources */ = {isa = PBXBuildFile; fileRef = B07795842B5671F000A9DD56 /* Detail.swift */; };
		B07795872B57539500A9DD56 /* Navigation.swift in Sources */ = {isa = PBXBuildFile; fileRef = B07795862B57539500A9DD56 /* Navigation.swift */; };
		B07795892B5758E700A9DD56 /* MyTab.swift in Sources */ = {isa = PBXBuildFile; fileRef = B07795882B5758E700A9DD56 /* MyTab.swift */; };
		B077958B2B575A6E00A9DD56 /* TabDetail.swift in Sources */ = {isa = PBXBuildFile; fileRef = B077958A2B575A6E00A9DD56 /* TabDetail.swift */; };
		B077958D2B575D3200A9DD56 /* MyApp.swift in Sources */ = {isa = PBXBuildFile; fileRef = B077958C2B575D3200A9DD56 /* MyApp.swift */; };
		B07795902B575FB300A9DD56 /* FirstList.swift in Sources */ = {isa = PBXBuildFile; fileRef = B077958F2B575FB300A9DD56 /* FirstList.swift */; };
		B07795922B575FF400A9DD56 /* OnboardingSample.swift in Sources */ = {isa = PBXBuildFile; fileRef = B07795912B575FF400A9DD56 /* OnboardingSample.swift */; };
/* End PBXBuildFile section */

/* Begin PBXFileReference section */
		B077955D2B5644B600A9DD56 /* WarmUp.app */ = {isa = PBXFileReference; explicitFileType = wrapper.application; includeInIndex = 0; path = WarmUp.app; sourceTree = BUILT_PRODUCTS_DIR; };
		B07795602B5644B600A9DD56 /* WarmUpApp.swift */ = {isa = PBXFileReference; lastKnownFileType = sourcecode.swift; path = WarmUpApp.swift; sourceTree = "<group>"; };
		B07795622B5644B600A9DD56 /* ContentView.swift */ = {isa = PBXFileReference; lastKnownFileType = sourcecode.swift; path = ContentView.swift; sourceTree = "<group>"; };
		B07795642B5644B800A9DD56 /* Assets.xcassets */ = {isa = PBXFileReference; lastKnownFileType = folder.assetcatalog; path = Assets.xcassets; sourceTree = "<group>"; };
		B07795672B5644B800A9DD56 /* Preview Assets.xcassets */ = {isa = PBXFileReference; lastKnownFileType = folder.assetcatalog; path = "Preview Assets.xcassets"; sourceTree = "<group>"; };
		B077956E2B5647F800A9DD56 /* SimpleView.swift */ = {isa = PBXFileReference; lastKnownFileType = sourcecode.swift; path = SimpleView.swift; sourceTree = "<group>"; };
		B07795702B564B0000A9DD56 /* Layout.swift */ = {isa = PBXFileReference; lastKnownFileType = sourcecode.swift; path = Layout.swift; sourceTree = "<group>"; };
		B07795742B564D3400A9DD56 /* MyButton.swift */ = {isa = PBXFileReference; lastKnownFileType = sourcecode.swift; path = MyButton.swift; sourceTree = "<group>"; };
		B07795762B564F2600A9DD56 /* MyText.swift */ = {isa = PBXFileReference; lastKnownFileType = sourcecode.swift; path = MyText.swift; sourceTree = "<group>"; };
		B07795782B5651AD00A9DD56 /* Onboarding.swift */ = {isa = PBXFileReference; lastKnownFileType = sourcecode.swift; path = Onboarding.swift; sourceTree = "<group>"; };
		B077957B2B5658D700A9DD56 /* ListLoop.swift */ = {isa = PBXFileReference; lastKnownFileType = sourcecode.swift; path = ListLoop.swift; sourceTree = "<group>"; };
		B077957D2B56669900A9DD56 /* Setting.swift */ = {isa = PBXFileReference; lastKnownFileType = sourcecode.swift; path = Setting.swift; sourceTree = "<group>"; };
		B07795822B5670B200A9DD56 /* Modal.swift */ = {isa = PBXFileReference; lastKnownFileType = sourcecode.swift; path = Modal.swift; sourceTree = "<group>"; };
		B07795842B5671F000A9DD56 /* Detail.swift */ = {isa = PBXFileReference; lastKnownFileType = sourcecode.swift; path = Detail.swift; sourceTree = "<group>"; };
		B07795862B57539500A9DD56 /* Navigation.swift */ = {isa = PBXFileReference; lastKnownFileType = sourcecode.swift; path = Navigation.swift; sourceTree = "<group>"; };
		B07795882B5758E700A9DD56 /* MyTab.swift */ = {isa = PBXFileReference; lastKnownFileType = sourcecode.swift; path = MyTab.swift; sourceTree = "<group>"; };
		B077958A2B575A6E00A9DD56 /* TabDetail.swift */ = {isa = PBXFileReference; lastKnownFileType = sourcecode.swift; path = TabDetail.swift; sourceTree = "<group>"; };
		B077958C2B575D3200A9DD56 /* MyApp.swift */ = {isa = PBXFileReference; lastKnownFileType = sourcecode.swift; path = MyApp.swift; sourceTree = "<group>"; };
		B077958F2B575FB300A9DD56 /* FirstList.swift */ = {isa = PBXFileReference; lastKnownFileType = sourcecode.swift; path = FirstList.swift; sourceTree = "<group>"; };
		B07795912B575FF400A9DD56 /* OnboardingSample.swift */ = {isa = PBXFileReference; lastKnownFileType = sourcecode.swift; path = OnboardingSample.swift; sourceTree = "<group>"; };
/* End PBXFileReference section */

/* Begin PBXFrameworksBuildPhase section */
		B077955A2B5644B600A9DD56 /* Frameworks */ = {
			isa = PBXFrameworksBuildPhase;
			buildActionMask = 2147483647;
			files = (
			);
			runOnlyForDeploymentPostprocessing = 0;
		};
/* End PBXFrameworksBuildPhase section */

/* Begin PBXGroup section */
		B07795542B5644B600A9DD56 = {
			isa = PBXGroup;
			children = (
				B077955F2B5644B600A9DD56 /* WarmUp */,
				B077955E2B5644B600A9DD56 /* Products */,
			);
			sourceTree = "<group>";
		};
		B077955E2B5644B600A9DD56 /* Products */ = {
			isa = PBXGroup;
			children = (
				B077955D2B5644B600A9DD56 /* WarmUp.app */,
			);
			name = Products;
			sourceTree = "<group>";
		};
		B077955F2B5644B600A9DD56 /* WarmUp */ = {
			isa = PBXGroup;
			children = (
				B077957F2B56704E00A9DD56 /* 03 */,
				B077957A2B56566E00A9DD56 /* 02 */,
				B07795722B564B1500A9DD56 /* 01 */,
				B07795602B5644B600A9DD56 /* WarmUpApp.swift */,
				B07795622B5644B600A9DD56 /* ContentView.swift */,
				B07795642B5644B800A9DD56 /* Assets.xcassets */,
				B07795662B5644B800A9DD56 /* Preview Content */,
			);
			path = WarmUp;
			sourceTree = "<group>";
		};
		B07795662B5644B800A9DD56 /* Preview Content */ = {
			isa = PBXGroup;
			children = (
				B07795672B5644B800A9DD56 /* Preview Assets.xcassets */,
			);
			path = "Preview Content";
			sourceTree = "<group>";
		};
		B07795722B564B1500A9DD56 /* 01 */ = {
			isa = PBXGroup;
			children = (
				B077956E2B5647F800A9DD56 /* SimpleView.swift */,
				B07795702B564B0000A9DD56 /* Layout.swift */,
				B07795742B564D3400A9DD56 /* MyButton.swift */,
				B07795762B564F2600A9DD56 /* MyText.swift */,
				B07795782B5651AD00A9DD56 /* Onboarding.swift */,
			);
			path = 01;
			sourceTree = "<group>";
		};
		B077957A2B56566E00A9DD56 /* 02 */ = {
			isa = PBXGroup;
			children = (
				B077957B2B5658D700A9DD56 /* ListLoop.swift */,
				B077957D2B56669900A9DD56 /* Setting.swift */,
			);
			path = 02;
			sourceTree = "<group>";
		};
		B077957F2B56704E00A9DD56 /* 03 */ = {
			isa = PBXGroup;
			children = (
				B077958E2B575F9700A9DD56 /* New Group */,
				B07795822B5670B200A9DD56 /* Modal.swift */,
				B07795842B5671F000A9DD56 /* Detail.swift */,
				B07795862B57539500A9DD56 /* Navigation.swift */,
				B07795882B5758E700A9DD56 /* MyTab.swift */,
				B077958A2B575A6E00A9DD56 /* TabDetail.swift */,
			);
			path = 03;
			sourceTree = "<group>";
		};
		B077958E2B575F9700A9DD56 /* New Group */ = {
			isa = PBXGroup;
			children = (
				B077958C2B575D3200A9DD56 /* MyApp.swift */,
				B077958F2B575FB300A9DD56 /* FirstList.swift */,
				B07795912B575FF400A9DD56 /* OnboardingSample.swift */,
			);
			path = "New Group";
			sourceTree = "<group>";
		};
/* End PBXGroup section */

/* Begin PBXNativeTarget section */
		B077955C2B5644B600A9DD56 /* WarmUp */ = {
			isa = PBXNativeTarget;
			buildConfigurationList = B077956B2B5644B800A9DD56 /* Build configuration list for PBXNativeTarget "WarmUp" */;
			buildPhases = (
				B07795592B5644B600A9DD56 /* Sources */,
				B077955A2B5644B600A9DD56 /* Frameworks */,
				B077955B2B5644B600A9DD56 /* Resources */,
			);
			buildRules = (
			);
			dependencies = (
			);
			name = WarmUp;
			productName = WarmUp;
			productReference = B077955D2B5644B600A9DD56 /* WarmUp.app */;
			productType = "com.apple.product-type.application";
		};
/* End PBXNativeTarget section */

/* Begin PBXProject section */
		B07795552B5644B600A9DD56 /* Project object */ = {
			isa = PBXProject;
			attributes = {
				BuildIndependentTargetsInParallel = 1;
				LastSwiftUpdateCheck = 1420;
				LastUpgradeCheck = 1420;
				TargetAttributes = {
					B077955C2B5644B600A9DD56 = {
						CreatedOnToolsVersion = 14.2;
					};
				};
			};
			buildConfigurationList = B07795582B5644B600A9DD56 /* Build configuration list for PBXProject "WarmUp" */;
			compatibilityVersion = "Xcode 14.0";
			developmentRegion = en;
			hasScannedForEncodings = 0;
			knownRegions = (
				en,
				Base,
			);
			mainGroup = B07795542B5644B600A9DD56;
			productRefGroup = B077955E2B5644B600A9DD56 /* Products */;
			projectDirPath = "";
			projectRoot = "";
			targets = (
				B077955C2B5644B600A9DD56 /* WarmUp */,
			);
		};
/* End PBXProject section */

/* Begin PBXResourcesBuildPhase section */
		B077955B2B5644B600A9DD56 /* Resources */ = {
			isa = PBXResourcesBuildPhase;
			buildActionMask = 2147483647;
			files = (
				B07795682B5644B800A9DD56 /* Preview Assets.xcassets in Resources */,
				B07795652B5644B800A9DD56 /* Assets.xcassets in Resources */,
			);
			runOnlyForDeploymentPostprocessing = 0;
		};
/* End PBXResourcesBuildPhase section */

/* Begin PBXSourcesBuildPhase section */
		B07795592B5644B600A9DD56 /* Sources */ = {
			isa = PBXSourcesBuildPhase;
			buildActionMask = 2147483647;
			files = (
				B07795772B564F2600A9DD56 /* MyText.swift in Sources */,
				B07795832B5670B200A9DD56 /* Modal.swift in Sources */,
				B07795632B5644B600A9DD56 /* ContentView.swift in Sources */,
				B07795872B57539500A9DD56 /* Navigation.swift in Sources */,
				B077958B2B575A6E00A9DD56 /* TabDetail.swift in Sources */,
				B07795712B564B0000A9DD56 /* Layout.swift in Sources */,
				B07795792B5651AD00A9DD56 /* Onboarding.swift in Sources */,
				B07795752B564D3400A9DD56 /* MyButton.swift in Sources */,
				B077958D2B575D3200A9DD56 /* MyApp.swift in Sources */,
				B077956F2B5647F800A9DD56 /* SimpleView.swift in Sources */,
				B07795892B5758E700A9DD56 /* MyTab.swift in Sources */,
				B07795612B5644B600A9DD56 /* WarmUpApp.swift in Sources */,
				B077957C2B5658D700A9DD56 /* ListLoop.swift in Sources */,
				B07795922B575FF400A9DD56 /* OnboardingSample.swift in Sources */,
				B07795852B5671F000A9DD56 /* Detail.swift in Sources */,
				B07795902B575FB300A9DD56 /* FirstList.swift in Sources */,
				B077957E2B56669900A9DD56 /* Setting.swift in Sources */,
			);
			runOnlyForDeploymentPostprocessing = 0;
		};
/* End PBXSourcesBuildPhase section */

/* Begin XCBuildConfiguration section */
		B07795692B5644B800A9DD56 /* Debug */ = {
			isa = XCBuildConfiguration;
			buildSettings = {
				ALWAYS_SEARCH_USER_PATHS = NO;
				CLANG_ANALYZER_NONNULL = YES;
				CLANG_ANALYZER_NUMBER_OBJECT_CONVERSION = YES_AGGRESSIVE;
				CLANG_CXX_LANGUAGE_STANDARD = "gnu++20";
				CLANG_ENABLE_MODULES = YES;
				CLANG_ENABLE_OBJC_ARC = YES;
				CLANG_ENABLE_OBJC_WEAK = YES;
				CLANG_WARN_BLOCK_CAPTURE_AUTORELEASING = YES;
				CLANG_WARN_BOOL_CONVERSION = YES;
				CLANG_WARN_COMMA = YES;
				CLANG_WARN_CONSTANT_CONVERSION = YES;
				CLANG_WARN_DEPRECATED_OBJC_IMPLEMENTATIONS = YES;
				CLANG_WARN_DIRECT_OBJC_ISA_USAGE = YES_ERROR;
				CLANG_WARN_DOCUMENTATION_COMMENTS = YES;
				CLANG_WARN_EMPTY_BODY = YES;
				CLANG_WARN_ENUM_CONVERSION = YES;
				CLANG_WARN_INFINITE_RECURSION = YES;
				CLANG_WARN_INT_CONVERSION = YES;
				CLANG_WARN_NON_LITERAL_NULL_CONVERSION = YES;
				CLANG_WARN_OBJC_IMPLICIT_RETAIN_SELF = YES;
				CLANG_WARN_OBJC_LITERAL_CONVERSION = YES;
				CLANG_WARN_OBJC_ROOT_CLASS = YES_ERROR;
				CLANG_WARN_QUOTED_INCLUDE_IN_FRAMEWORK_HEADER = YES;
				CLANG_WARN_RANGE_LOOP_ANALYSIS = YES;
				CLANG_WARN_STRICT_PROTOTYPES = YES;
				CLANG_WARN_SUSPICIOUS_MOVE = YES;
				CLANG_WARN_UNGUARDED_AVAILABILITY = YES_AGGRESSIVE;
				CLANG_WARN_UNREACHABLE_CODE = YES;
				CLANG_WARN__DUPLICATE_METHOD_MATCH = YES;
				COPY_PHASE_STRIP = NO;
				DEBUG_INFORMATION_FORMAT = dwarf;
				ENABLE_STRICT_OBJC_MSGSEND = YES;
				ENABLE_TESTABILITY = YES;
				GCC_C_LANGUAGE_STANDARD = gnu11;
				GCC_DYNAMIC_NO_PIC = NO;
				GCC_NO_COMMON_BLOCKS = YES;
				GCC_OPTIMIZATION_LEVEL = 0;
				GCC_PREPROCESSOR_DEFINITIONS = (
					"DEBUG=1",
					"$(inherited)",
				);
				GCC_WARN_64_TO_32_BIT_CONVERSION = YES;
				GCC_WARN_ABOUT_RETURN_TYPE = YES_ERROR;
				GCC_WARN_UNDECLARED_SELECTOR = YES;
				GCC_WARN_UNINITIALIZED_AUTOS = YES_AGGRESSIVE;
				GCC_WARN_UNUSED_FUNCTION = YES;
				GCC_WARN_UNUSED_VARIABLE = YES;
				IPHONEOS_DEPLOYMENT_TARGET = 16.2;
				MTL_ENABLE_DEBUG_INFO = INCLUDE_SOURCE;
				MTL_FAST_MATH = YES;
				ONLY_ACTIVE_ARCH = YES;
				SDKROOT = iphoneos;
				SWIFT_ACTIVE_COMPILATION_CONDITIONS = DEBUG;
				SWIFT_OPTIMIZATION_LEVEL = "-Onone";
			};
			name = Debug;
		};
		B077956A2B5644B800A9DD56 /* Release */ = {
			isa = XCBuildConfiguration;
			buildSettings = {
				ALWAYS_SEARCH_USER_PATHS = NO;
				CLANG_ANALYZER_NONNULL = YES;
				CLANG_ANALYZER_NUMBER_OBJECT_CONVERSION = YES_AGGRESSIVE;
				CLANG_CXX_LANGUAGE_STANDARD = "gnu++20";
				CLANG_ENABLE_MODULES = YES;
				CLANG_ENABLE_OBJC_ARC = YES;
				CLANG_ENABLE_OBJC_WEAK = YES;
				CLANG_WARN_BLOCK_CAPTURE_AUTORELEASING = YES;
				CLANG_WARN_BOOL_CONVERSION = YES;
				CLANG_WARN_COMMA = YES;
				CLANG_WARN_CONSTANT_CONVERSION = YES;
				CLANG_WARN_DEPRECATED_OBJC_IMPLEMENTATIONS = YES;
				CLANG_WARN_DIRECT_OBJC_ISA_USAGE = YES_ERROR;
				CLANG_WARN_DOCUMENTATION_COMMENTS = YES;
				CLANG_WARN_EMPTY_BODY = YES;
				CLANG_WARN_ENUM_CONVERSION = YES;
				CLANG_WARN_INFINITE_RECURSION = YES;
				CLANG_WARN_INT_CONVERSION = YES;
				CLANG_WARN_NON_LITERAL_NULL_CONVERSION = YES;
				CLANG_WARN_OBJC_IMPLICIT_RETAIN_SELF = YES;
				CLANG_WARN_OBJC_LITERAL_CONVERSION = YES;
				CLANG_WARN_OBJC_ROOT_CLASS = YES_ERROR;
				CLANG_WARN_QUOTED_INCLUDE_IN_FRAMEWORK_HEADER = YES;
				CLANG_WARN_RANGE_LOOP_ANALYSIS = YES;
				CLANG_WARN_STRICT_PROTOTYPES = YES;
				CLANG_WARN_SUSPICIOUS_MOVE = YES;
				CLANG_WARN_UNGUARDED_AVAILABILITY = YES_AGGRESSIVE;
				CLANG_WARN_UNREACHABLE_CODE = YES;
				CLANG_WARN__DUPLICATE_METHOD_MATCH = YES;
				COPY_PHASE_STRIP = NO;
				DEBUG_INFORMATION_FORMAT = "dwarf-with-dsym";
				ENABLE_NS_ASSERTIONS = NO;
				ENABLE_STRICT_OBJC_MSGSEND = YES;
				GCC_C_LANGUAGE_STANDARD = gnu11;
				GCC_NO_COMMON_BLOCKS = YES;
				GCC_WARN_64_TO_32_BIT_CONVERSION = YES;
				GCC_WARN_ABOUT_RETURN_TYPE = YES_ERROR;
				GCC_WARN_UNDECLARED_SELECTOR = YES;
				GCC_WARN_UNINITIALIZED_AUTOS = YES_AGGRESSIVE;
				GCC_WARN_UNUSED_FUNCTION = YES;
				GCC_WARN_UNUSED_VARIABLE = YES;
				IPHONEOS_DEPLOYMENT_TARGET = 16.2;
				MTL_ENABLE_DEBUG_INFO = NO;
				MTL_FAST_MATH = YES;
				SDKROOT = iphoneos;
				SWIFT_COMPILATION_MODE = wholemodule;
				SWIFT_OPTIMIZATION_LEVEL = "-O";
				VALIDATE_PRODUCT = YES;
			};
			name = Release;
		};
		B077956C2B5644B800A9DD56 /* Debug */ = {
			isa = XCBuildConfiguration;
			buildSettings = {
				ASSETCATALOG_COMPILER_APPICON_NAME = AppIcon;
				ASSETCATALOG_COMPILER_GLOBAL_ACCENT_COLOR_NAME = AccentColor;
				CODE_SIGN_STYLE = Automatic;
				CURRENT_PROJECT_VERSION = 1;
				DEVELOPMENT_ASSET_PATHS = "\"WarmUp/Preview Content\"";
				ENABLE_PREVIEWS = YES;
				GENERATE_INFOPLIST_FILE = YES;
				INFOPLIST_KEY_UIApplicationSceneManifest_Generation = YES;
				INFOPLIST_KEY_UIApplicationSupportsIndirectInputEvents = YES;
				INFOPLIST_KEY_UILaunchScreen_Generation = YES;
				INFOPLIST_KEY_UISupportedInterfaceOrientations_iPad = "UIInterfaceOrientationPortrait UIInterfaceOrientationPortraitUpsideDown UIInterfaceOrientationLandscapeLeft UIInterfaceOrientationLandscapeRight";
				INFOPLIST_KEY_UISupportedInterfaceOrientations_iPhone = "UIInterfaceOrientationPortrait UIInterfaceOrientationLandscapeLeft UIInterfaceOrientationLandscapeRight";
				LD_RUNPATH_SEARCH_PATHS = (
					"$(inherited)",
					"@executable_path/Frameworks",
				);
				MARKETING_VERSION = 1.0;
				PRODUCT_BUNDLE_IDENTIFIER = zero.WarmUp;
				PRODUCT_NAME = "$(TARGET_NAME)";
				SWIFT_EMIT_LOC_STRINGS = YES;
				SWIFT_VERSION = 5.0;
				TARGETED_DEVICE_FAMILY = "1,2";
			};
			name = Debug;
		};
		B077956D2B5644B800A9DD56 /* Release */ = {
			isa = XCBuildConfiguration;
			buildSettings = {
				ASSETCATALOG_COMPILER_APPICON_NAME = AppIcon;
				ASSETCATALOG_COMPILER_GLOBAL_ACCENT_COLOR_NAME = AccentColor;
				CODE_SIGN_STYLE = Automatic;
				CURRENT_PROJECT_VERSION = 1;
				DEVELOPMENT_ASSET_PATHS = "\"WarmUp/Preview Content\"";
				ENABLE_PREVIEWS = YES;
				GENERATE_INFOPLIST_FILE = YES;
				INFOPLIST_KEY_UIApplicationSceneManifest_Generation = YES;
				INFOPLIST_KEY_UIApplicationSupportsIndirectInputEvents = YES;
				INFOPLIST_KEY_UILaunchScreen_Generation = YES;
				INFOPLIST_KEY_UISupportedInterfaceOrientations_iPad = "UIInterfaceOrientationPortrait UIInterfaceOrientationPortraitUpsideDown UIInterfaceOrientationLandscapeLeft UIInterfaceOrientationLandscapeRight";
				INFOPLIST_KEY_UISupportedInterfaceOrientations_iPhone = "UIInterfaceOrientationPortrait UIInterfaceOrientationLandscapeLeft UIInterfaceOrientationLandscapeRight";
				LD_RUNPATH_SEARCH_PATHS = (
					"$(inherited)",
					"@executable_path/Frameworks",
				);
				MARKETING_VERSION = 1.0;
				PRODUCT_BUNDLE_IDENTIFIER = zero.WarmUp;
				PRODUCT_NAME = "$(TARGET_NAME)";
				SWIFT_EMIT_LOC_STRINGS = YES;
				SWIFT_VERSION = 5.0;
				TARGETED_DEVICE_FAMILY = "1,2";
			};
			name = Release;
		};
/* End XCBuildConfiguration section */

/* Begin XCConfigurationList section */
		B07795582B5644B600A9DD56 /* Build configuration list for PBXProject "WarmUp" */ = {
			isa = XCConfigurationList;
			buildConfigurations = (
				B07795692B5644B800A9DD56 /* Debug */,
				B077956A2B5644B800A9DD56 /* Release */,
			);
			defaultConfigurationIsVisible = 0;
			defaultConfigurationName = Release;
		};
		B077956B2B5644B800A9DD56 /* Build configuration list for PBXNativeTarget "WarmUp" */ = {
			isa = XCConfigurationList;
			buildConfigurations = (
				B077956C2B5644B800A9DD56 /* Debug */,
				B077956D2B5644B800A9DD56 /* Release */,
			);
			defaultConfigurationIsVisible = 0;
			defaultConfigurationName = Release;
		};
/* End XCConfigurationList section */
	};
	rootObject = B07795552B5644B600A9DD56 /* Project object */;
}
